name: p4dev
channels:
  - conda-forge
  - nodefaults
dependencies:
  - conda-forge/linux-64::eigen==5.0.1=hc65338a_0
  - conda-forge/linux-64::libboost-headers==1.91.0=ha770c72_0
  - conda-forge/noarch::ca-certificates==2026.6.17=hbd8a1cb_0
  - conda-forge/noarch::kernel-headers_linux-64==6.12.0=he073ed8_6
  - conda-forge/noarch::libgcc-devel_linux-64==14.3.0=hf649bbc_119
  - conda-forge/linux-64::libgomp==15.2.0=he0feb66_19
  - conda-forge/noarch::libstdcxx-devel_linux-64==14.3.0=h9f08a49_119
  - conda-forge/linux-64::libzlib==1.3.2=h25fd6f3_2
  - conda-forge/linux-64::llvm-openmp==22.1.8=h4922eb0_0
  - conda-forge/linux-64::onemkl-license==2025.3.1=hf2ce2f3_12
  - conda-forge/noarch::pybind11-abi==11=hc364b38_1
  - conda-forge/noarch::python_abi==3.14=8_cp314
  - conda-forge/noarch::tzdata==2025c=hc9c84f9_1
  - conda-forge/linux-64::_openmp_mutex==4.5=7_kmp_llvm
  - conda-forge/linux-64::mkl-include==2025.3.1=hf2ce2f3_12
  - conda-forge/noarch::sysroot_linux-64==2.39=hc4b9eeb_6
  - conda-forge/linux-64::zlib==1.3.2=h25fd6f3_2
  - conda-forge/linux-64::zstd==1.5.7=hb78ec9c_6
  - conda-forge/linux-64::ld_impl_linux-64==2.45.1=default_hbd61a6d_102
  - conda-forge/linux-64::libgcc==15.2.0=he0feb66_19
  - conda-forge/linux-64::binutils_impl_linux-64==2.45.1=default_hfdba357_102
  - conda-forge/linux-64::bzip2==1.0.8=hda65f42_9
  - conda-forge/linux-64::c-ares==1.34.6=hb03c661_0
  - conda-forge/linux-64::gau2grid==2.0.9=hb03c661_0
  - conda-forge/linux-64::keyutils==1.6.3=hb9d3cd8_0
  - conda-forge/linux-64::libdwarf==2.1.0=h43af8da_1
  - conda-forge/linux-64::libexpat==2.8.1=hecca717_1
  - conda-forge/linux-64::libffi==3.5.2=h3435931_0
  - conda-forge/linux-64::libgcc-ng==15.2.0=h69a702a_19
  - conda-forge/linux-64::libgfortran5==15.2.0=h68bc16d_19
  - conda-forge/linux-64::libiconv==1.18=h3b78370_2
  - conda-forge/linux-64::liblzma==5.8.3=hb03c661_0
  - conda-forge/linux-64::libmpdec==4.0.0=hb03c661_1
  - conda-forge/linux-64::libntlm==1.8=hb9d3cd8_0
  - conda-forge/linux-64::libsodium==1.0.22=h280c20c_1
  - conda-forge/linux-64::libsqlite==3.53.2=h0c1763c_0
  - conda-forge/linux-64::libstdcxx==15.2.0=h934c35e_19
  - conda-forge/linux-64::libuuid==2.42.2=h5347b49_0
  - conda-forge/linux-64::libuv==1.52.1=h280c20c_0
  - conda-forge/linux-64::libxc-c==7.0.0=cpu_h75f4f88_6
  - conda-forge/linux-64::ncurses==6.6=hdb14827_0
  - conda-forge/linux-64::openssl==3.6.3=h35e630c_0
  - conda-forge/linux-64::rhash==1.4.6=hb9d3cd8_1
  - conda-forge/linux-64::tk==8.6.13=noxft_h366c992_103
  - conda-forge/linux-64::tzcode==2026b=h280c20c_0
  - conda-forge/linux-64::yaml==0.2.5=h280c20c_3
  - conda-forge/linux-64::binutils==2.45.1=default_h4852527_102
  - conda-forge/linux-64::binutils_linux-64==2.45.1=default_h4852527_102
  - conda-forge/linux-64::cpp-argparse==3.2=h84d6215_1
  - conda-forge/linux-64::cpptrace==1.0.4=default_h6df28a2_100
  - conda-forge/linux-64::exchcxx==1.0.0=cpu_h2ebb00f_3
  - conda-forge/linux-64::fmt==12.1.0=hff5e90c_0
  - conda-forge/linux-64::icu==78.3=h33c6efd_0
  - conda-forge/linux-64::integratorxx==1.0.0=hb700be7_1
  - conda-forge/linux-64::libaec==1.1.5=h088129d_0
  - conda-forge/linux-64::libedit==3.1.20250104=pl5321h7949ede_0
  - conda-forge/linux-64::libev==4.33=hd590300_2
  - conda-forge/linux-64::libgfortran==15.2.0=h69a702a_19
  - conda-forge/linux-64::libint==2.13.1=h83f5b4b_0
  - conda-forge/linux-64::libsanitizer==14.3.0=h8f1669f_19
  - conda-forge/linux-64::libssh2==1.11.1=hcf80075_0
  - conda-forge/linux-64::liburing==2.14=hb700be7_0
  - conda-forge/linux-64::libxcrypt==4.4.36=hd590300_1
  - conda-forge/linux-64::lz4-c==1.10.0=h5888daf_1
  - conda-forge/linux-64::ninja==1.13.2=h171cf75_0
  - conda-forge/linux-64::pugixml==1.15=h3f63f65_0
  - conda-forge/linux-64::readline==8.3=h853b02a_0
  - conda-forge/linux-64::fftw==3.3.11=nompi_h3b011a4_100
  - conda-forge/linux-64::gcc_impl_linux-64==14.3.0=h235f0fe_19
  - conda-forge/linux-64::gdma==2.3.3=hb1d0f04_8
  - conda-forge/linux-64::krb5==1.22.2=hbde042b_1
  - conda-forge/linux-64::libecpint==1.0.7=h981d57b_12
  - conda-forge/linux-64::libnghttp2==1.68.1=h877daf1_0
  - conda-forge/linux-64::libpcm==1.2.3=h79846a8_17
  - conda-forge/linux-64::libxml2-16==2.15.3=hca6bf5a_0
  - conda-forge/linux-64::python==3.14.6=habeac84_100_cp314
  - conda-forge/linux-64::spdlog==1.17.0=hab81395_1
  - conda-forge/linux-64::toml-f==0.5.1=gfortran_h956d735_0
  - conda-forge/noarch::aiohappyeyeballs==2.6.2=pyhd8ed1ab_0
  - conda-forge/linux-64::apsw==3.53.2.0=py314h5bd0f2a_0
  - conda-forge/noarch::argcomplete==3.6.3=pyhd8ed1ab_0
  - conda-forge/noarch::async-timeout==5.0.1=pyhcf101f3_2
  - conda-forge/noarch::attrs==26.1.0=pyhcf101f3_0
  - conda-forge/noarch::backports.zstd==1.6.0=py314h680f03e_0
  - conda-forge/linux-64::bcrypt==5.0.0=py314h2e6c369_1
  - conda-forge/noarch::blinker==1.9.0=pyhff2d567_0
  - conda-forge/linux-64::brotli-python==1.2.0=py314h3de4e8d_1
  - conda-forge/noarch::cached_property==1.5.2=pyha770c72_1
  - conda-forge/noarch::certifi==2026.6.17=pyhd8ed1ab_0
  - conda-forge/noarch::charset-normalizer==3.4.7=pyhd8ed1ab_0
  - conda-forge/noarch::click==8.4.1=pyhc90fa1f_0
  - conda-forge/linux-64::cppe==0.3.4=py314h2550864_1
  - conda-forge/noarch::cpython==3.14.6=py314hd8ed1ab_100
  - conda-forge/linux-64::cyrus-sasl==2.1.28=hac629b4_1
  - conda-forge/noarch::dill==0.4.1=pyhcf101f3_0
  - conda-forge/noarch::execnet==2.1.2=pyhd8ed1ab_0
  - conda-forge/noarch::filelock==3.29.4=pyhd8ed1ab_0
  - conda-forge/noarch::frozenlist==1.8.0=pyhf298e5d_0
  - conda-forge/linux-64::gcc==14.3.0=h6f77f03_19
  - conda-forge/linux-64::gcc_linux-64==14.3.0=h50e9bb6_27
  - conda-forge/linux-64::gfortran_impl_linux-64==14.3.0=h1a219da_19
  - conda-forge/linux-64::greenlet==3.5.2=py314h42812f9_0
  - conda-forge/linux-64::gxx_impl_linux-64==14.3.0=h2185e75_19
  - conda-forge/noarch::hpack==4.1.0=pyhd8ed1ab_0
  - conda-forge/noarch::hyperframe==6.1.0=pyhd8ed1ab_0
  - conda-forge/noarch::idna==3.18=pyhcf101f3_0
  - conda-forge/noarch::iniconfig==2.3.0=pyhd8ed1ab_0
  - conda-forge/noarch::itsdangerous==2.2.0=pyhd8ed1ab_1
  - conda-forge/noarch::jmespath==1.1.0=pyhcf101f3_1
  - conda-forge/linux-64::jonquil==0.3.1=gfortran_h956d735_0
  - conda-forge/linux-64::libcurl==8.20.0=hcf29cc6_0
  - conda-forge/linux-64::libxml2==2.15.3=h49c6c72_0
  - conda-forge/linux-64::markupsafe==3.0.3=py314h67df5f8_1
  - conda-forge/noarch::maxminddb==2.6.2=pyhd8ed1ab_0
  - conda-forge/linux-64::msgpack-python==1.2.0=py314h9891dd4_0
  - conda-forge/noarch::networkx==3.6.1=pyhcf101f3_0
  - conda-forge/noarch::opt_einsum==3.4.0=pyhd8ed1ab_1
  - conda-forge/noarch::packaging==26.2=pyhc364b38_0
  - conda-forge/noarch::pcmsolver==1.2.3=py_17
  - conda-forge/noarch::pip==26.1.2=pyh145f28c_0
  - conda-forge/noarch::platformdirs==4.10.0=pyhcf101f3_0
  - conda-forge/noarch::pluggy==1.6.0=pyhf9edf01_1
  - conda-forge/noarch::propcache==0.5.2=pyh7db6752_0
  - conda-forge/linux-64::psutil==7.2.2=py314h0f05182_0
  - conda-forge/noarch::py-cpuinfo==9.0.0=pyhd8ed1ab_1
  - conda-forge/noarch::pybind11-global==3.0.3=pyh648e204_0
  - conda-forge/noarch::pycparser==3.0=pyhcf101f3_0
  - conda-forge/linux-64::pygdma==2.3.3=py314h35b1e26_8
  - conda-forge/noarch::pygments==2.20.0=pyhd8ed1ab_0
  - conda-forge/linux-64::pymdi==1.4.40=py314_hf46be18_nompi_0
  - conda-forge/noarch::pysocks==1.7.1=pyha55dd90_7
  - conda-forge/noarch::python-dotenv==1.2.2=pyhcf101f3_0
  - conda-forge/noarch::pytz==2026.2=pyhcf101f3_0
  - conda-forge/linux-64::pyyaml==6.0.3=py314h67df5f8_1
  - conda-forge/linux-64::regex==2026.5.9=py314h5bd0f2a_0
  - conda-forge/linux-64::rpds-py==2026.5.1=py314h1bee95f_0
  - conda-forge/linux-64::setproctitle==1.3.7=py314h0f05182_0
  - conda-forge/noarch::setuptools==82.0.1=pyh332efcf_0
  - conda-forge/noarch::six==1.17.0=pyhe01879c_1
  - conda-forge/noarch::sortedcontainers==2.4.0=pyhd8ed1ab_1
  - conda-forge/noarch::tabulate==0.10.0=pyhcf101f3_0
  - conda-forge/noarch::tblib==3.2.2=pyhcf101f3_0
  - conda-forge/noarch::toml==0.10.2=pyhcf101f3_3
  - conda-forge/noarch::tomli==2.4.1=pyhcf101f3_0
  - conda-forge/noarch::tqdm==4.68.3=pyh8f84b5b_0
  - conda-forge/noarch::typing_extensions==4.15.0=pyhcf101f3_0
  - conda-forge/noarch::unidecode==1.4.0=pyhcf101f3_1
  - conda-forge/noarch::waitress==3.0.2=pyhcf101f3_2
  - conda-forge/linux-64::zeromq==4.3.5=h09e67af_11
  - conda-forge/noarch::zipp==4.1.0=pyhcf101f3_0
  - conda-forge/noarch::aiosignal==1.4.0=pyhd8ed1ab_0
  - conda-forge/linux-64::c-compiler==1.11.0=h4d9bdce_0
  - conda-forge/noarch::cached-property==1.5.2=hd8ed1ab_1
  - conda-forge/linux-64::cffi==2.0.0=py314h4a8dc5f_1
  - conda-forge/linux-64::cmake==4.3.4=hc85cc9f_0
  - conda-forge/noarch::exceptiongroup==1.3.1=pyhd8ed1ab_0
  - conda-forge/linux-64::gfortran==14.3.0=h76987e4_19
  - conda-forge/linux-64::gfortran_linux-64==14.3.0=h5ce6d8a_27
  - conda-forge/linux-64::gxx==14.3.0=h76987e4_19
  - conda-forge/linux-64::gxx_linux-64==14.3.0=hd240bd5_27
  - conda-forge/noarch::h2==4.3.0=pyhcf101f3_0
  - conda-forge/linux-64::hdf5==1.14.6=nompi_h19486de_110
  - conda-forge/noarch::importlib-metadata==9.0.0=pyhcf101f3_0
  - conda-forge/noarch::jinja2==3.1.6=pyhcf101f3_1
  - conda-forge/linux-64::libhwloc==2.13.0=default_he001693_1000
  - conda-forge/linux-64::libxslt==1.1.43=h711ed8c_1
  - conda-forge/linux-64::mctc-lib==0.5.2=gfortran_h956d735_0
  - conda-forge/noarch::memory_profiler==0.61.0=pyhcf101f3_1
  - conda-forge/linux-64::openldap==2.6.13=hbde042b_0
  - conda-forge/noarch::pybind11==3.0.3=pyhfe8187e_0
  - conda-forge/noarch::pyjwt==2.13.0=pyhcf101f3_0
  - conda-forge/noarch::python-dateutil==2.9.0.post0=pyhe01879c_2
  - conda-forge/noarch::python-gil==3.14.6=h4df99d1_100
  - conda-forge/noarch::referencing==0.37.0=pyhcf101f3_0
  - conda-forge/noarch::typing-extensions==4.15.0=h396c80c_0
  - conda-forge/noarch::typing-inspection==0.4.2=pyhcf101f3_2
  - conda-forge/noarch::werkzeug==3.1.8=pyhcf101f3_0
  - conda-forge/noarch::_python_abi3_support==1.0=hd8ed1ab_2
  - conda-forge/noarch::annotated-types==0.7.0=pyhd8ed1ab_1
  - conda-forge/linux-64::cxx-compiler==1.11.0=hfcd1e18_0
  - conda-forge/noarch::flask==3.1.3=pyhcf101f3_1
  - conda-forge/noarch::flexcache==0.3=pyhd8ed1ab_1
  - conda-forge/noarch::flexparser==0.4=pyhd8ed1ab_1
  - conda-forge/linux-64::fortran-compiler==1.11.0=h9bea470_0
  - conda-forge/linux-64::gcp-correction==2.3.2=gfortran_hee85f66_2
  - conda-forge/linux-64::highfive==3.3.0=h9995341_1
  - conda-forge/noarch::jsonschema-specifications==2025.9.1=pyhcf101f3_0
  - conda-forge/linux-64::libpq==18.4=hd5a49e9_0
  - conda-forge/noarch::mako==1.3.12=pyhcf101f3_0
  - conda-forge/noarch::multidict==6.7.1=pyh62beb40_0
  - conda-forge/linux-64::pydantic-core==2.46.4=py314h2e6c369_0
  - conda-forge/noarch::pytest==9.1.1=pyhc364b38_1
  - conda-forge/linux-64::simple-dftd3==1.4.0=gfortran_h956d735_0
  - conda-forge/linux-64::sqlalchemy==2.0.51=py314h0f05182_0
  - conda-forge/linux-64::tbb==2023.0.0=hab88423_2
  - conda-forge/noarch::typeguard==4.5.2=pyhcf101f3_0
  - conda-forge/noarch::urllib3==2.7.0=pyhd8ed1ab_0
  - conda-forge/linux-64::zstandard==0.25.0=py314h0f05182_1
  - conda-forge/noarch::alembic==1.18.4=pyhcf101f3_0
  - conda-forge/noarch::botocore==1.43.32=pyhd8ed1ab_0
  - conda-forge/noarch::flask-cors==6.0.5=pyhcf101f3_0
  - conda-forge/noarch::flask-jwt-extended==4.7.4=pyhcf101f3_0
  - conda-forge/noarch::jsonschema==4.26.0=pyhcf101f3_0
  - conda-forge/linux-64::mkl==2025.3.1=h0e700b2_12
  - conda-forge/noarch::pint==0.25.3=pyhc364b38_0
  - conda-forge/linux-64::postgresql==18.4=h3dddfe3_0
  - conda-forge/linux-64::psycopg2==2.9.12=py314hf06d13c_0
  - conda-forge/noarch::pydantic==2.13.4=pyhcf101f3_0
  - conda-forge/noarch::pytest-xdist==3.8.0=pyhd8ed1ab_0
  - conda-forge/linux-64::pyzmq==27.1.0=py312hda471dd_3
  - conda-forge/noarch::requests==2.34.2=pyhcf101f3_0
  - conda-forge/noarch::yarl==1.24.2=pyh7db6752_0
  - conda-forge/noarch::aiohttp==3.14.1=pyhf64b827_0
  - conda-forge/noarch::basis_set_exchange==0.12=pyhd8ed1ab_0
  - conda-forge/linux-64::libblas==3.11.0=6_h5875eb1_mkl
  - conda-forge/linux-64::mkl-devel==2025.3.1=ha770c72_12
  - conda-forge/noarch::parsl==2026.6.1=pyhcf101f3_0
  - conda-forge/noarch::pydantic-settings==2.14.2=pyhcf101f3_0
  - conda-forge/noarch::s3transfer==0.19.0=pyhd8ed1ab_0
  - conda-forge/noarch::boto3==1.43.32=pyhd8ed1ab_0
  - conda-forge/linux-64::dkh==1.2=ha94c79b_3
  - conda-forge/linux-64::gauxc==1.1=nompi_h089e8a0_105
  - conda-forge/noarch::geoip2==4.8.0=pyhd8ed1ab_0
  - conda-forge/linux-64::libcblas==3.11.0=6_hfef963f_mkl
  - conda-forge/linux-64::liblapack==3.11.0=6_h5e43f62_mkl
  - conda-forge/linux-64::libtensorlight==3.0.1=he85075a_10
  - conda-forge/linux-64::ambit==0.7.1=h13a623c_10
  - conda-forge/linux-64::arpack==3.9.1=nompi_hf03ea27_102
  - conda-forge/linux-64::einsums==1.1.3=h2c028a9_0
  - conda-forge/linux-64::libefp==1.5.0=he9474fb_7
  - conda-forge/linux-64::liblapacke==3.11.0=6_hdba1596_mkl
  - conda-forge/linux-64::multicharge==0.5.0=gfortran_ha02e54d_1
  - conda-forge/linux-64::numpy==2.4.6=py314h2b28147_0
  - conda-forge/linux-64::superlu==7.0.1=h8f6e6c4_0
  - conda-forge/linux-64::armadillo==15.4.0=h7dbe251_0
  - conda-forge/linux-64::blas-devel==3.11.0=6_hcf00494_mkl
  - conda-forge/linux-64::dftd3-python==1.4.0=py314h5bd0f2a_0
  - conda-forge/linux-64::dftd4==4.2.0=gfortran_ha02e54d_0
  - conda-forge/linux-64::h5py==3.16.0=nompi_py314hc32fe06_102
  - conda-forge/linux-64::pandas==3.0.3=py314hb4ffadd_0
  - conda-forge/linux-64::pyeinsums==1.1.3=py314h3e8a779_0
  - conda-forge/noarch::qcelemental==0.50.2=pyhd8ed1ab_0
  - conda-forge/linux-64::scipy==1.17.1=py314hf07bd8e_1
  - conda-forge/linux-64::adcc==0.17.0=py314ha160325_0
  - conda-forge/linux-64::dftd4-python==4.2.0=py314haf25e16_0
  - conda-forge/noarch::geometric==1.1.1=pyhd8ed1ab_0
  - conda-forge/noarch::i-pi==3.1=pyhd8ed1ab_0
  - conda-forge/linux-64::openorbitaloptimizer==0.3.0=hb700be7_0
  - conda-forge/linux-64::pyddx==0.7.0=py314h7b6d671_0
  - conda-forge/linux-64::pylibefp==0.6.2=py314h03112e8_7
  - conda-forge/noarch::qcengine==0.50.0=pyhd8ed1ab_0
  - conda-forge/noarch::qcmanybody==0.7.1=pyhd8ed1ab_0
  - conda-forge/noarch::qcportal==0.63=pyhd8ed1ab_0
  - conda-forge/noarch::optking==0.5.0=pyhd8ed1ab_0
  - conda-forge/noarch::qcfractalcompute==0.63=pyh707e725_0
  - conda-forge/noarch::torsiondrive==1.2.0=pyhd8ed1ab_0
  - conda-forge/noarch::qcfractal==0.63=pyh707e725_0
