# Generated by conda-lock.
# platform: osx-64
# input_hash: 121f6bf551ebcd58a3ed2a619937b1659d6f5e6fc0e90db0d4b849497970165d

channels:
  - conda-forge
dependencies:
  - _openmp_mutex=4.5=7_kmp_llvm
  - _python_abi3_support=1.0=hd8ed1ab_2
  - adcc=0.17.0=py313hbc4457e_0
  - aiohappyeyeballs=2.6.2=pyhd8ed1ab_0
  - aiohttp=3.14.1=py313h6f5309d_0
  - aiosignal=1.4.0=pyhd8ed1ab_0
  - alembic=1.18.4=pyhcf101f3_0
  - ambit=0.7.1=h6fca967_10
  - annotated-types=0.7.0=pyhd8ed1ab_1
  - apsw=3.53.1.0=py313hf59fe81_0
  - argcomplete=3.6.3=pyhd8ed1ab_0
  - armadillo=15.4.0=h7bf9abf_0
  - arpack=3.9.1=nompi_hdfe9103_102
  - attrs=26.1.0=pyhcf101f3_0
  - backports.zstd=1.6.0=py313h116f8bd_0
  - basis_set_exchange=0.12=pyhd8ed1ab_0
  - bcrypt=5.0.0=py313hcc225dc_1
  - blas-devel=3.9.0=20_osx64_mkl
  - blinker=1.9.0=pyhff2d567_0
  - boto3=1.43.36=pyhd8ed1ab_0
  - botocore=1.43.36=pyhd8ed1ab_0
  - brotli-python=1.2.0=py313h8d69aa9_1
  - bzip2=1.0.8=h500dc9f_9
  - c-ares=1.34.6=hb5e19a0_0
  - c-compiler=1.11.0=h7a00415_0
  - ca-certificates=2026.6.17=hbd8a1cb_0
  - cached-property=1.5.2=hd8ed1ab_1
  - cached_property=1.5.2=pyha770c72_1
  - cctools=1030.6.3=llvm19_1_h67a6458_4
  - cctools_impl_osx-64=1030.6.3=llvm19_1_h7d82c7c_4
  - cctools_osx-64=1030.6.3=llvm19_1_h8f0d4bb_4
  - certifi=2026.6.17=pyhd8ed1ab_0
  - cffi=2.0.0=py313hf57695f_1
  - charset-normalizer=3.4.7=pyhd8ed1ab_0
  - clang=19.1.7=default_h1323312_9
  - clang-19=19.1.7=default_h9399c5b_9
  - clang_impl_osx-64=19.1.7=default_ha1a018a_9
  - clang_osx-64=19.1.7=h8a78ed7_32
  - clangxx=19.1.7=default_h9089c59_9
  - clangxx_impl_osx-64=19.1.7=default_ha1a018a_9
  - clangxx_osx-64=19.1.7=h8a78ed7_32
  - click=8.4.1=pyhc90fa1f_0
  - cmake=4.3.4=h2426fb6_0
  - colorama=0.4.6=pyhd8ed1ab_1
  - compiler-rt=19.1.7=he914875_1
  - compiler-rt_osx-64=19.1.7=h138dee1_1
  - cpp-argparse=3.2=h9275861_1
  - cppe=0.3.4=py313h46adcec_1
  - cpptrace=1.0.4=default_h12fb84d_100
  - cpython=3.13.14=py313hd8ed1ab_100
  - cxx-compiler=1.11.0=h307afc9_0
  - cyrus-sasl=2.1.28=h7cc0300_1
  - dftd3-python=1.4.0=py313hf59fe81_0
  - dftd4=4.2.0=gfortran_h7141999_0
  - dftd4-python=4.2.0=py313h9eb5927_0
  - dill=0.4.1=pyhcf101f3_0
  - dkh=1.2=hef01bdc_2
  - eigen=5.0.1=h4ff50a2_0
  - einsums=1.1.3=h9cbdcd9_0
  - exceptiongroup=1.3.1=pyhd8ed1ab_0
  - exchcxx=1.0.0=cpu_h3be7d4c_3
  - execnet=2.1.2=pyhd8ed1ab_0
  - fftw=3.3.11=nompi_h54214ab_100
  - filelock=3.29.4=pyhd8ed1ab_0
  - flask=3.1.3=pyhcf101f3_1
  - flask-cors=6.0.5=pyhcf101f3_0
  - flask-jwt-extended=4.7.4=pyhcf101f3_0
  - flexcache=0.3=pyhd8ed1ab_1
  - flexparser=0.4=pyhd8ed1ab_1
  - fmt=12.1.0=hda137b5_0
  - fortran-compiler=1.11.0=h9ab62e8_0
  - frozenlist=1.8.0=py313h1cd6d9b_0
  - gau2grid=2.0.9=ha1e9b39_0
  - gauxc=1.1=nompi_ha7d68cc_105
  - gcp-correction=2.3.2=gfortran_h160aa53_2
  - gdma=2.3.3=hf090e6c_8
  - geoip2=4.8.0=pyhd8ed1ab_0
  - geometric=1.1.1=pyhd8ed1ab_0
  - gfortran=14.3.0=hcc3c99d_0
  - gfortran_impl_osx-64=14.3.0=h94fe04d_1
  - gfortran_osx-64=14.3.0=h3223c34_0
  - gmp=6.3.0=hf036a51_2
  - greenlet=3.5.2=py313h5fe49f0_0
  - h2=4.3.0=pyhcf101f3_0
  - h5py=3.16.0=nompi_py313hd52a848_102
  - hdf5=1.14.6=nompi_h13accda_110
  - highfive=3.3.0=h495ac79_1
  - hpack=4.2.0=pyhd8ed1ab_0
  - hyperframe=6.1.0=pyhd8ed1ab_0
  - i-pi=3.1=pyhd8ed1ab_0
  - icu=78.3=h25d91c4_0
  - idna=3.18=pyhcf101f3_0
  - importlib-metadata=9.0.0=pyhcf101f3_0
  - iniconfig=2.3.0=pyhd8ed1ab_0
  - integratorxx=1.0.0=h06b67a2_1
  - isl=0.26=imath32_h2e86a7b_101
  - itsdangerous=2.2.0=pyhd8ed1ab_1
  - jinja2=3.1.6=pyhcf101f3_1
  - jmespath=1.1.0=pyhcf101f3_1
  - jonquil=0.3.2=gfortran_he40f8e4_0
  - jsonschema=4.26.0=pyhcf101f3_0
  - jsonschema-specifications=2025.9.1=pyhcf101f3_0
  - krb5=1.22.2=h3ddfcb2_1
  - ld64=956.6=llvm19_1_hc3792c1_4
  - ld64_osx-64=956.6=llvm19_1_hcae3351_4
  - libaec=1.1.5=he7c3a48_0
  - libblas=3.9.0=20_osx64_mkl
  - libboost-headers=1.91.0=h694c41f_0
  - libcblas=3.9.0=20_osx64_mkl
  - libclang-cpp19.1=19.1.7=default_h9399c5b_9
  - libcurl=8.21.0=h8f0b9e4_0
  - libcxx=22.1.8=h19cb2f5_0
  - libcxx-devel=19.1.7=h7c275be_2
  - libcxx-headers=19.1.7=h707e725_2
  - libdwarf=2.1.0=h685fe70_1
  - libecpint=1.0.7=h2803c53_12
  - libedit=3.1.20250104=pl5321ha958ccf_0
  - libefp=1.5.0=h3018769_7
  - libev=4.33=h10d778d_2
  - libexpat=2.8.1=hcc62823_1
  - libffi=3.5.2=hd1f9c09_0
  - libgcc=15.2.0=h08519bb_19
  - libgfortran=15.2.0=h7e5c614_19
  - libgfortran-devel_osx-64=14.3.0=h660b60f_1
  - libgfortran5=15.2.0=hd16e46c_19
  - libhwloc=2.13.0=default_h4e3125e_1000
  - libiconv=1.18=h57a12c2_2
  - libint=2.13.1=hae80412_0
  - liblapack=3.9.0=20_osx64_mkl
  - liblapacke=3.9.0=20_osx64_mkl
  - libllvm19=19.1.7=h56e7563_2
  - liblzma=5.8.3=hbb4bfdb_0
  - libmpdec=4.0.0=hf3981d6_1
  - libnghttp2=1.68.1=h70048d4_0
  - libntlm=1.8=h6e16a3a_0
  - libpcm=1.2.3=h62c8eb1_17
  - libpq=18.4=h5935a4f_0
  - libsigtool=0.1.3=hc0f2934_0
  - libsodium=1.0.22=ha3d0635_1
  - libsqlite=3.53.1=h8f8c405_0
  - libssh2=1.11.1=hed3591d_0
  - libtensorlight=3.0.1=heac9aa7_10
  - libuv=1.52.1=ha3d0635_0
  - libxc-c=7.0.0=cpu_he2412a9_6
  - libxml2=2.15.3=h953d39d_0
  - libxml2-16=2.15.3=h7a90416_0
  - libxslt=1.1.43=h486b42e_1
  - libzlib=1.3.2=hbb4bfdb_2
  - llvm-openmp=22.1.8=h0d3cbff_0
  - llvm-tools=19.1.7=hb0207f0_2
  - llvm-tools-19=19.1.7=h879f4bc_2
  - lz4-c=1.10.0=h240833e_1
  - mako=1.3.12=pyhcf101f3_0
  - markupsafe=3.0.3=py313h035b7d0_1
  - maxminddb=2.6.2=pyhd8ed1ab_0
  - mctc-lib=0.5.2=gfortran_h160aa53_0
  - memory_profiler=0.61.0=pyhcf101f3_1
  - mkl=2023.2.0=h694c41f_50502
  - mkl-devel=2023.2.0=h694c41f_50502
  - mkl-include=2023.2.0=h694c41f_50502
  - mpc=1.4.0=h31caf2d_0
  - mpfr=4.2.2=h31caf2d_0
  - msgpack-python=1.2.1=py313h862c624_0
  - multicharge=0.5.0=gfortran_h7141999_1
  - multidict=6.7.1=py313h84cef87_0
  - ncurses=6.6=hcc0dc9a_0
  - networkx=3.6.1=pyhcf101f3_0
  - ninja=1.13.2=hfc0b2d5_0
  - numpy=2.5.0=py313hb870fc3_0
  - openldap=2.6.13=h2f5043c_0
  - openorbitaloptimizer=0.3.0=hc1436ee_0
  - openssl=3.6.3=hc881268_0
  - opt_einsum=3.4.0=pyhd8ed1ab_1
  - optking=0.5.0=pyhd8ed1ab_0
  - packaging=26.2=pyhc364b38_0
  - pandas=3.0.3=py313hfd25234_0
  - parsl=2026.6.1=pyhcf101f3_0
  - pcmsolver=1.2.3=py_17
  - pint=0.25.3=pyhc364b38_0
  - pip=26.1.2=pyh145f28c_0
  - platformdirs=4.10.0=pyhcf101f3_0
  - pluggy=1.6.0=pyhf9edf01_1
  - postgresql=18.4=he8835e8_0
  - propcache=0.5.2=py313h035b7d0_0
  - psutil=7.2.2=py313h16366db_0
  - psycopg2=2.9.12=py313h1055b7b_0
  - pugixml=1.15=h46091d4_0
  - py-cpuinfo=9.0.0=pyhd8ed1ab_1
  - pybind11=3.0.3=pyhfe8187e_0
  - pybind11-abi=11=hc364b38_1
  - pybind11-global=3.0.3=pyh648e204_0
  - pycparser=3.0=pyhcf101f3_0
  - pydantic=2.13.4=pyhcf101f3_0
  - pydantic-core=2.46.4=py313h23ec8f2_0
  - pydantic-settings=2.14.2=pyhcf101f3_0
  - pyddx=0.7.0=py313hbee26f8_0
  - pyeinsums=1.1.3=py313h5e1c345_0
  - pygdma=2.3.3=py313h5384164_8
  - pygments=2.20.0=pyhd8ed1ab_0
  - pyjwt=2.13.0=pyhcf101f3_0
  - pylibefp=0.6.2=py313hd1c6cc6_7
  - pymdi=1.4.40=py313_h0e3670c_nompi_0
  - pysocks=1.7.1=pyha55dd90_7
  - pytest=9.1.1=pyhc364b38_2
  - pytest-xdist=3.8.0=pyhd8ed1ab_0
  - python=3.13.13=h3d5d122_100_cp313
  - python-dateutil=2.9.0.post0=pyhe01879c_2
  - python-dotenv=1.2.2=pyhcf101f3_0
  - python-gil=3.13.14=h4df99d1_100
  - python_abi=3.13=8_cp313
  - pytz=2026.2=pyhcf101f3_0
  - pyyaml=6.0.3=py313h7c6a591_1
  - pyzmq=27.1.0=py312h2ac7433_3
  - qcelemental=0.50.4=pyhd8ed1ab_0
  - qcengine=0.50.0=pyhd8ed1ab_0
  - qcfractal=0.65=pyh707e725_0
  - qcfractalcompute=0.65=pyh707e725_0
  - qcmanybody=0.7.1=pyhd8ed1ab_0
  - qcportal=0.65=pyhd8ed1ab_0
  - readline=8.3=h68b038d_0
  - referencing=0.37.0=pyhcf101f3_0
  - regex=2026.5.9=py313hf59fe81_0
  - requests=2.34.2=pyhcf101f3_0
  - rhash=1.4.6=h6e16a3a_1
  - rpds-py=2026.5.1=py313he4ad68c_0
  - s3transfer=0.19.0=pyhd8ed1ab_0
  - scipy=1.18.0=py313h9cbb6b6_0
  - sdkroot_env_osx-64=26.0=h62b880e_7
  - setproctitle=1.3.7=py313h16366db_0
  - setuptools=82.0.1=pyh332efcf_0
  - sigtool-codesign=0.1.3=hc0f2934_0
  - simple-dftd3=1.4.0=gfortran_h160aa53_0
  - six=1.17.0=pyhe01879c_1
  - sortedcontainers=2.4.0=pyhd8ed1ab_1
  - spdlog=1.17.0=h30f01e4_1
  - sqlalchemy=2.0.51=py313h22ab4a2_0
  - superlu=7.0.0=h9cb3e3b_1
  - tabulate=0.10.0=pyhcf101f3_0
  - tapi=1600.0.11.8=h8d8e812_2
  - tbb=2021.13.0=hc1436ee_6
  - tblib=3.2.2=pyhcf101f3_0
  - tk=8.6.13=h7142dee_3
  - toml=0.10.2=pyhcf101f3_3
  - toml-f=0.5.1=gfortran_he40f8e4_0
  - tomli=2.4.1=pyhcf101f3_0
  - torsiondrive=1.2.0=pyhd8ed1ab_0
  - tqdm=4.68.3=pyh8f84b5b_0
  - typeguard=4.5.2=pyhcf101f3_0
  - typing-extensions=4.15.0=h396c80c_0
  - typing-inspection=0.4.2=pyhcf101f3_2
  - typing_extensions=4.15.0=pyhcf101f3_0
  - tzcode=2026b=ha3d0635_0
  - tzdata=2025c=hc9c84f9_1
  - unidecode=1.4.0=pyhcf101f3_1
  - urllib3=2.7.0=pyhd8ed1ab_0
  - waitress=3.0.2=pyhcf101f3_2
  - werkzeug=3.1.8=pyhcf101f3_0
  - yaml=0.2.5=h4132b18_3
  - yarl=1.24.2=py313h035b7d0_0
  - zeromq=4.3.5=h84953be_11
  - zipp=4.1.0=pyhcf101f3_0
  - zlib=1.3.2=hbb4bfdb_2
  - zstandard=0.25.0=py313hcb05632_1
  - zstd=1.5.7=h3eecb57_6
