# Generated by conda-lock.
# platform: osx-arm64
# input_hash: e3088574202a9e789448b584824a2941d7acdd935214744cd1b96c55d2cf9b69

channels:
  - conda-forge
dependencies:
  - _openmp_mutex=4.5=7_kmp_llvm
  - _python_abi3_support=1.0=hd8ed1ab_2
  - adcc=0.17.0=py313h6deaedc_0
  - aiohappyeyeballs=2.6.2=pyhd8ed1ab_0
  - aiohttp=3.14.1=py313h53c0e3e_0
  - aiosignal=1.4.0=pyhd8ed1ab_0
  - alembic=1.18.4=pyhcf101f3_0
  - ambit=0.7.1=hed81fbd_10
  - annotated-types=0.7.0=pyhd8ed1ab_1
  - apsw=3.53.2.0=py313h0997733_0
  - argcomplete=3.6.3=pyhd8ed1ab_0
  - armadillo=15.4.0=he80eda4_0
  - arpack=3.9.1=nompi_h1f29f7c_102
  - attrs=26.1.0=pyhcf101f3_0
  - backports.zstd=1.6.0=py313h7208f8c_0
  - basis_set_exchange=0.12=pyhd8ed1ab_0
  - bcrypt=5.0.0=py313h2c089d5_1
  - blas-devel=3.11.0=8_h55bc449_accelerate
  - blinker=1.9.0=pyhff2d567_0
  - boto3=1.43.36=pyhd8ed1ab_0
  - botocore=1.43.36=pyhd8ed1ab_0
  - brotli-python=1.2.0=py313hde1f3bb_1
  - bzip2=1.0.8=hd037594_9
  - c-ares=1.34.6=hc919400_0
  - c-compiler=1.11.0=h61f9b84_0
  - ca-certificates=2026.6.17=hbd8a1cb_0
  - cached-property=1.5.2=hd8ed1ab_1
  - cached_property=1.5.2=pyha770c72_1
  - cctools=1030.6.3=llvm19_1_hd01ab73_4
  - cctools_impl_osx-arm64=1030.6.3=llvm19_1_he8a363d_4
  - cctools_osx-arm64=1030.6.3=llvm19_1_hd01ab73_4
  - certifi=2026.6.17=pyhd8ed1ab_0
  - cffi=2.0.0=py313h224173a_1
  - charset-normalizer=3.4.7=pyhd8ed1ab_0
  - clang=19.1.7=default_hf9bcbb7_9
  - clang-19=19.1.7=default_hf3020a7_9
  - clang_impl_osx-arm64=19.1.7=default_hc11f16d_9
  - clang_osx-arm64=19.1.7=h75f8d18_32
  - clangxx=19.1.7=default_hc995acf_9
  - clangxx_impl_osx-arm64=19.1.7=default_hc11f16d_9
  - clangxx_osx-arm64=19.1.7=h75f8d18_32
  - click=8.4.1=pyhc90fa1f_0
  - cmake=4.3.4=h8cb302d_0
  - colorama=0.4.6=pyhd8ed1ab_1
  - compiler-rt=19.1.7=h855ad52_1
  - compiler-rt_osx-arm64=19.1.7=he32a8d3_1
  - cpp-argparse=3.2=ha393de7_1
  - cppe=0.3.4=py313h3e7f8e5_1
  - cpptrace=1.0.4=default_h7920499_100
  - cpython=3.13.14=py313hd8ed1ab_100
  - cxx-compiler=1.11.0=h88570a1_0
  - cyrus-sasl=2.1.28=hb961e35_1
  - dftd3-python=1.4.0=py313h0997733_0
  - dftd4=4.2.0=gfortran_hc17bbfb_0
  - dftd4-python=4.2.0=py313h32841c2_0
  - dill=0.4.1=pyhcf101f3_0
  - dkh=1.2=ha5ff845_2
  - eigen=5.0.1=h44d0d2d_0
  - einsums=1.1.3=h13a9246_0
  - exceptiongroup=1.3.1=pyhd8ed1ab_0
  - exchcxx=1.0.0=cpu_he112363_3
  - execnet=2.1.2=pyhd8ed1ab_0
  - fftw=3.3.11=nompi_haf1500d_100
  - filelock=3.29.4=pyhd8ed1ab_0
  - flask=3.1.3=pyhcf101f3_1
  - flask-cors=6.0.5=pyhcf101f3_0
  - flask-jwt-extended=4.7.4=pyhcf101f3_0
  - flexcache=0.3=pyhd8ed1ab_1
  - flexparser=0.4=pyhd8ed1ab_1
  - fmt=12.1.0=h403dcb5_0
  - fortran-compiler=1.11.0=h81a4f41_0
  - frozenlist=1.8.0=py313h750ce70_0
  - gau2grid=2.0.9=h88b7d96_0
  - gauxc=1.1=nompi_hf0f618c_105
  - gcp-correction=2.3.2=gfortran_h4779c71_2
  - gdma=2.3.3=h95dfc9f_8
  - geoip2=4.8.0=pyhd8ed1ab_0
  - geometric=1.1.1=pyhd8ed1ab_0
  - gfortran=14.3.0=h3ef1dbf_0
  - gfortran_impl_osx-arm64=14.3.0=h6d03799_1
  - gfortran_osx-arm64=14.3.0=h3c33bd0_0
  - gmp=6.3.0=h7bae524_2
  - greenlet=3.5.2=py313h1188861_0
  - h2=4.3.0=pyhcf101f3_0
  - h5py=3.16.0=nompi_py313hc6ee213_102
  - hdf5=1.14.6=nompi_had3affe_110
  - highfive=3.3.0=h2ee2622_1
  - hpack=4.2.0=pyhd8ed1ab_0
  - hyperframe=6.1.0=pyhd8ed1ab_0
  - i-pi=3.1=pyhd8ed1ab_0
  - icu=78.3=hef89b57_0
  - idna=3.18=pyhcf101f3_0
  - importlib-metadata=9.0.0=pyhcf101f3_0
  - iniconfig=2.3.0=pyhd8ed1ab_0
  - integratorxx=1.0.0=h4ddebb9_1
  - isl=0.26=imath32_h347afa1_101
  - itsdangerous=2.2.0=pyhd8ed1ab_1
  - jinja2=3.1.6=pyhcf101f3_1
  - jmespath=1.1.0=pyhcf101f3_1
  - jonquil=0.3.2=gfortran_h04795c8_0
  - jsonschema=4.26.0=pyhcf101f3_0
  - jsonschema-specifications=2025.9.1=pyhcf101f3_0
  - krb5=1.22.2=hfd3d5f3_1
  - ld64=956.6=llvm19_1_he86490a_4
  - ld64_osx-arm64=956.6=llvm19_1_ha2625f7_4
  - libaec=1.1.5=h8664d51_0
  - libblas=3.11.0=8_h3d1d584_accelerate
  - libboost-headers=1.91.0=hce30654_0
  - libcblas=3.11.0=8_h752f6bc_accelerate
  - libclang-cpp19.1=19.1.7=default_hf3020a7_9
  - libcurl=8.21.0=hd5a2499_0
  - libcxx=22.1.8=h55c6f16_0
  - libcxx-devel=19.1.7=h6dc3340_2
  - libcxx-headers=19.1.7=h707e725_2
  - libdwarf=2.1.0=h1da24b5_1
  - libecpint=1.0.7=hff75ede_12
  - libedit=3.1.20250104=pl5321hafb1f1b_0
  - libefp=1.5.0=hc3d17b0_7
  - libev=4.33=h93a5062_2
  - libexpat=2.8.1=hf6b4638_1
  - libffi=3.5.2=hcf2aa1b_0
  - libgcc=15.2.0=hcbb3090_19
  - libgfortran=15.2.0=h07b0088_19
  - libgfortran-devel_osx-arm64=14.3.0=hc965647_1
  - libgfortran5=15.2.0=hdae7583_19
  - libiconv=1.18=h23cfdf5_2
  - libint=2.13.1=h5a0831b_0
  - liblapack=3.11.0=8_hcb0d94e_accelerate
  - liblapacke=3.11.0=8_hbdd07e9_accelerate
  - libllvm19=19.1.7=h8e0c9ce_2
  - liblzma=5.8.3=h8088a28_0
  - libmpdec=4.0.0=h84a0fba_1
  - libnghttp2=1.68.1=h8f3e76b_0
  - libntlm=1.8=h5505292_0
  - libpcm=1.2.3=h9998470_17
  - libpq=18.4=ha770aab_0
  - libsigtool=0.1.3=h98dc951_0
  - libsodium=1.0.22=h1a92334_1
  - libsqlite=3.53.2=h1ae2325_1
  - libssh2=1.11.1=h1590b86_0
  - libtensorlight=3.0.1=hcbbe880_10
  - libuv=1.52.1=h1a92334_0
  - libxc-c=7.0.0=cpu_h7ee64da_6
  - libxml2=2.15.3=h5654f7c_0
  - libxml2-16=2.15.3=h5ef1a60_0
  - libxslt=1.1.43=hb2570ba_1
  - libzlib=1.3.2=h8088a28_2
  - llvm-openmp=22.1.8=hc7d1edf_0
  - llvm-tools=19.1.7=h855ad52_2
  - llvm-tools-19=19.1.7=h91fd4e7_2
  - lz4-c=1.10.0=h286801f_1
  - mako=1.3.12=pyhcf101f3_0
  - markupsafe=3.0.3=py313h65a2061_1
  - maxminddb=2.6.2=pyhd8ed1ab_0
  - mctc-lib=0.5.2=gfortran_h0230218_0
  - memory_profiler=0.61.0=pyhcf101f3_1
  - mpc=1.4.0=h169892a_0
  - mpfr=4.2.2=h6bc93b0_0
  - msgpack-python=1.2.1=py313h5c29297_0
  - multicharge=0.5.0=gfortran_hc17bbfb_1
  - multidict=6.7.1=py313haf6918d_0
  - ncurses=6.6=h1d4f5a5_0
  - networkx=3.6.1=pyhcf101f3_0
  - ninja=1.13.2=h49c215f_0
  - numpy=2.5.0=py313hce9b930_0
  - openldap=2.6.13=hf7f56bc_0
  - openorbitaloptimizer=0.3.0=h4ddebb9_0
  - openssl=3.6.3=hd24854e_0
  - opt_einsum=3.4.0=pyhd8ed1ab_1
  - optking=0.5.0=pyhd8ed1ab_0
  - packaging=26.2=pyhc364b38_0
  - pandas=3.0.3=py313h1188861_0
  - parsl=2026.6.1=pyhcf101f3_0
  - pcmsolver=1.2.3=py_17
  - pint=0.25.3=pyhc364b38_0
  - pip=26.1.2=pyh145f28c_0
  - platformdirs=4.10.0=pyhcf101f3_0
  - pluggy=1.6.0=pyhf9edf01_1
  - postgresql=18.4=hfde6fa7_0
  - propcache=0.5.2=py313h65a2061_0
  - psutil=7.2.2=py313h6688731_0
  - psycopg2=2.9.12=py313hee9dbaf_0
  - pugixml=1.15=hd3d436d_0
  - py-cpuinfo=9.0.0=pyhd8ed1ab_1
  - pybind11=3.0.3=pyhfe8187e_0
  - pybind11-abi=11=hc364b38_1
  - pybind11-global=3.0.3=pyh648e204_0
  - pycparser=3.0=pyhcf101f3_0
  - pydantic=2.13.4=pyhcf101f3_0
  - pydantic-core=2.46.4=py313h212e517_0
  - pydantic-settings=2.14.2=pyhcf101f3_0
  - pyddx=0.7.0=py313he64c5a7_0
  - pyeinsums=1.1.3=py313h1ade631_0
  - pygdma=2.3.3=py313hc70f060_8
  - pygments=2.20.0=pyhd8ed1ab_0
  - pyjwt=2.13.0=pyhcf101f3_0
  - pylibefp=0.6.2=py313hc1bac33_7
  - pymdi=1.4.40=py313_h7e765a6_nompi_0
  - pysocks=1.7.1=pyha55dd90_7
  - pytest=9.1.1=pyhc364b38_2
  - pytest-xdist=3.8.0=pyhd8ed1ab_0
  - python=3.13.14=h448ec07_100_cp313
  - python-dateutil=2.9.0.post0=pyhe01879c_2
  - python-dotenv=1.2.2=pyhcf101f3_0
  - python-gil=3.13.14=h4df99d1_100
  - python_abi=3.13=8_cp313
  - pytz=2026.2=pyhcf101f3_0
  - pyyaml=6.0.3=py313h65a2061_1
  - pyzmq=27.1.0=py312h022ad19_3
  - qcelemental=0.50.4=pyhd8ed1ab_0
  - qcengine=0.50.0=pyhd8ed1ab_0
  - qcfractal=0.65=pyh707e725_0
  - qcfractalcompute=0.65=pyh707e725_0
  - qcmanybody=0.7.1=pyhd8ed1ab_0
  - qcportal=0.65=pyhd8ed1ab_0
  - readline=8.3=h46df422_0
  - referencing=0.37.0=pyhcf101f3_0
  - regex=2026.5.9=py313h0997733_0
  - requests=2.34.2=pyhcf101f3_0
  - rhash=1.4.6=h5505292_1
  - rpds-py=2026.5.1=py313hb9d2816_0
  - s3transfer=0.19.0=pyhd8ed1ab_0
  - scipy=1.18.0=py313h52f5312_0
  - sdkroot_env_osx-arm64=26.0=ha3f98da_7
  - setproctitle=1.3.7=py313h6688731_0
  - setuptools=82.0.1=pyh332efcf_0
  - sigtool-codesign=0.1.3=h98dc951_0
  - simple-dftd3=1.4.0=gfortran_h0230218_0
  - six=1.17.0=pyhe01879c_1
  - sortedcontainers=2.4.0=pyhd8ed1ab_1
  - spdlog=1.17.0=ha0f8610_1
  - sqlalchemy=2.0.51=py313h6688731_0
  - superlu=7.0.0=h742a510_1
  - tabulate=0.10.0=pyhcf101f3_0
  - tapi=1600.0.11.8=h997e182_2
  - tblib=3.2.2=pyhcf101f3_0
  - tk=8.6.13=h010d191_3
  - toml=0.10.2=pyhcf101f3_3
  - toml-f=0.5.1=gfortran_h04795c8_0
  - tomli=2.4.1=pyhcf101f3_0
  - torsiondrive=1.2.0=pyhd8ed1ab_0
  - tqdm=4.68.3=pyh8f84b5b_0
  - typeguard=4.5.2=pyhcf101f3_0
  - typing-extensions=4.15.0=h396c80c_0
  - typing-inspection=0.4.2=pyhcf101f3_2
  - typing_extensions=4.15.0=pyhcf101f3_0
  - tzcode=2026b=h1a92334_0
  - tzdata=2025c=hc9c84f9_1
  - unidecode=1.4.0=pyhcf101f3_1
  - urllib3=2.7.0=pyhd8ed1ab_0
  - waitress=3.0.2=pyhcf101f3_2
  - werkzeug=3.1.8=pyhcf101f3_0
  - yaml=0.2.5=h925e9cb_3
  - yarl=1.24.2=py313h65a2061_0
  - zeromq=4.3.5=h10816f8_11
  - zipp=4.1.0=pyhcf101f3_0
  - zlib=1.3.2=h8088a28_2
  - zstandard=0.25.0=py313h9734d34_1
  - zstd=1.5.7=hbf9d68e_6
