name: p4dev
channels:
  - conda-forge
  - nodefaults
dependencies:
  - conda-forge/osx-64::eigen==5.0.1=h4ff50a2_0
  - conda-forge/osx-64::libboost-headers==1.91.0=h694c41f_0
  - conda-forge/osx-64::bzip2==1.0.8=h500dc9f_9
  - conda-forge/osx-64::c-ares==1.34.6=hb5e19a0_0
  - conda-forge/noarch::ca-certificates==2026.6.17=hbd8a1cb_0
  - conda-forge/osx-64::gau2grid==2.0.9=ha1e9b39_0
  - conda-forge/osx-64::icu==78.3=h25d91c4_0
  - conda-forge/osx-64::libcxx==22.1.8=h19cb2f5_0
  - conda-forge/noarch::libcxx-headers==19.1.7=h707e725_2
  - conda-forge/osx-64::libev==4.33=h10d778d_2
  - conda-forge/osx-64::libexpat==2.8.1=hcc62823_1
  - conda-forge/osx-64::libffi==3.5.2=hd1f9c09_0
  - conda-forge/noarch::libgfortran-devel_osx-64==14.3.0=h660b60f_1
  - conda-forge/osx-64::libiconv==1.18=h57a12c2_2
  - conda-forge/osx-64::liblzma==5.8.3=hbb4bfdb_0
  - conda-forge/osx-64::libmpdec==4.0.0=hf3981d6_1
  - conda-forge/osx-64::libntlm==1.8=h6e16a3a_0
  - conda-forge/osx-64::libsodium==1.0.22=ha3d0635_1
  - conda-forge/osx-64::libuv==1.52.1=ha3d0635_0
  - conda-forge/osx-64::libxc-c==7.0.0=cpu_he2412a9_6
  - conda-forge/osx-64::libzlib==1.3.2=hbb4bfdb_2
  - conda-forge/osx-64::llvm-openmp==22.1.8=h0d3cbff_0
  - conda-forge/osx-64::mkl-include==2023.2.0=h694c41f_50502
  - conda-forge/osx-64::ncurses==6.6=hcc0dc9a_0
  - conda-forge/noarch::pybind11-abi==11=hc364b38_1
  - conda-forge/noarch::python_abi==3.14=8_cp314
  - conda-forge/osx-64::rhash==1.4.6=h6e16a3a_1
  - conda-forge/noarch::sdkroot_env_osx-64==26.0=h62b880e_7
  - conda-forge/osx-64::tzcode==2026b=ha3d0635_0
  - conda-forge/noarch::tzdata==2025c=hc9c84f9_1
  - conda-forge/osx-64::yaml==0.2.5=h4132b18_3
  - conda-forge/osx-64::_openmp_mutex==4.5=7_kmp_llvm
  - conda-forge/osx-64::cpp-argparse==3.2=h9275861_1
  - conda-forge/osx-64::exchcxx==1.0.0=cpu_h3be7d4c_3
  - conda-forge/osx-64::fmt==12.1.0=hda137b5_0
  - conda-forge/osx-64::gmp==6.3.0=hf036a51_2
  - conda-forge/osx-64::integratorxx==1.0.0=h06b67a2_1
  - conda-forge/osx-64::isl==0.26=imath32_h2e86a7b_101
  - conda-forge/osx-64::libaec==1.1.5=he7c3a48_0
  - conda-forge/osx-64::libcxx-devel==19.1.7=h7c275be_2
  - conda-forge/osx-64::libedit==3.1.20250104=pl5321ha958ccf_0
  - conda-forge/osx-64::libint==2.13.1=hae80412_0
  - conda-forge/osx-64::libsqlite==3.53.2=h8f8c405_0
  - conda-forge/osx-64::libxml2-16==2.15.3=h7a90416_0
  - conda-forge/osx-64::lz4-c==1.10.0=h240833e_1
  - conda-forge/osx-64::ninja==1.13.2=hfc0b2d5_0
  - conda-forge/osx-64::openssl==3.6.3=hc881268_0
  - conda-forge/osx-64::pugixml==1.15=h46091d4_0
  - conda-forge/osx-64::readline==8.3=h68b038d_0
  - conda-forge/osx-64::tapi==1600.0.11.8=h8d8e812_2
  - conda-forge/osx-64::tk==8.6.13=h7142dee_3
  - conda-forge/osx-64::zlib==1.3.2=hbb4bfdb_2
  - conda-forge/osx-64::zstd==1.5.7=h3eecb57_6
  - conda-forge/osx-64::krb5==1.22.2=h3ddfcb2_1
  - conda-forge/osx-64::libdwarf==2.1.0=h685fe70_1
  - conda-forge/osx-64::libecpint==1.0.7=h2803c53_12
  - conda-forge/osx-64::libgcc==15.2.0=h08519bb_19
  - conda-forge/osx-64::libnghttp2==1.68.1=h70048d4_0
  - conda-forge/osx-64::libsigtool==0.1.3=hc0f2934_0
  - conda-forge/osx-64::libssh2==1.11.1=hed3591d_0
  - conda-forge/osx-64::libxml2==2.15.3=h953d39d_0
  - conda-forge/osx-64::mpfr==4.2.2=h31caf2d_0
  - conda-forge/osx-64::python==3.14.6=h7c6738f_100_cp314
  - conda-forge/osx-64::spdlog==1.17.0=h30f01e4_1
  - conda-forge/noarch::aiohappyeyeballs==2.6.2=pyhd8ed1ab_0
  - conda-forge/osx-64::apsw==3.53.2.0=py314h217eccc_0
  - conda-forge/noarch::argcomplete==3.6.3=pyhd8ed1ab_0
  - conda-forge/noarch::async-timeout==5.0.1=pyhcf101f3_2
  - conda-forge/noarch::attrs==26.1.0=pyhcf101f3_0
  - conda-forge/noarch::backports.zstd==1.6.0=py314h680f03e_0
  - conda-forge/osx-64::bcrypt==5.0.0=py314ha7b6dee_1
  - conda-forge/noarch::blinker==1.9.0=pyhff2d567_0
  - conda-forge/osx-64::brotli-python==1.2.0=py314h3262eb8_1
  - conda-forge/noarch::cached_property==1.5.2=pyha770c72_1
  - conda-forge/noarch::certifi==2026.6.17=pyhd8ed1ab_0
  - conda-forge/noarch::charset-normalizer==3.4.7=pyhd8ed1ab_0
  - conda-forge/noarch::click==8.4.1=pyhc90fa1f_0
  - conda-forge/osx-64::cppe==0.3.4=py314h3e67402_1
  - conda-forge/osx-64::cpptrace==1.0.4=default_h12fb84d_100
  - conda-forge/noarch::cpython==3.14.6=py314hd8ed1ab_100
  - conda-forge/osx-64::cyrus-sasl==2.1.28=h7cc0300_1
  - conda-forge/noarch::dill==0.4.1=pyhcf101f3_0
  - conda-forge/noarch::execnet==2.1.2=pyhd8ed1ab_0
  - conda-forge/noarch::filelock==3.29.4=pyhd8ed1ab_0
  - conda-forge/noarch::frozenlist==1.8.0=pyhf298e5d_0
  - conda-forge/osx-64::greenlet==3.5.2=py314h2883b87_0
  - conda-forge/noarch::hpack==4.1.0=pyhd8ed1ab_0
  - conda-forge/noarch::hyperframe==6.1.0=pyhd8ed1ab_0
  - conda-forge/noarch::idna==3.18=pyhcf101f3_0
  - conda-forge/noarch::iniconfig==2.3.0=pyhd8ed1ab_0
  - conda-forge/noarch::itsdangerous==2.2.0=pyhd8ed1ab_1
  - conda-forge/noarch::jmespath==1.1.0=pyhcf101f3_1
  - conda-forge/osx-64::libcurl==8.20.0=h8f0b9e4_0
  - conda-forge/osx-64::libgfortran5==15.2.0=hd16e46c_19
  - conda-forge/osx-64::libhwloc==2.13.0=default_h4e3125e_1000
  - conda-forge/osx-64::libllvm19==19.1.7=h56e7563_2
  - conda-forge/osx-64::libxslt==1.1.43=h486b42e_1
  - conda-forge/osx-64::markupsafe==3.0.3=py314h77fa6c7_1
  - conda-forge/noarch::maxminddb==2.6.2=pyhd8ed1ab_0
  - conda-forge/osx-64::mpc==1.4.0=h31caf2d_0
  - conda-forge/osx-64::msgpack-python==1.2.0=py314h0963f2d_0
  - conda-forge/noarch::networkx==3.6.1=pyhcf101f3_0
  - conda-forge/noarch::opt_einsum==3.4.0=pyhd8ed1ab_1
  - conda-forge/noarch::packaging==26.2=pyhc364b38_0
  - conda-forge/noarch::pip==26.1.2=pyh145f28c_0
  - conda-forge/noarch::platformdirs==4.10.0=pyhcf101f3_0
  - conda-forge/noarch::pluggy==1.6.0=pyhf9edf01_1
  - conda-forge/noarch::propcache==0.5.2=pyh7db6752_0
  - conda-forge/osx-64::psutil==7.2.2=py314hd330473_0
  - conda-forge/noarch::py-cpuinfo==9.0.0=pyhd8ed1ab_1
  - conda-forge/noarch::pybind11-global==3.0.3=pyh648e204_0
  - conda-forge/noarch::pycparser==3.0=pyhcf101f3_0
  - conda-forge/noarch::pygments==2.20.0=pyhd8ed1ab_0
  - conda-forge/osx-64::pymdi==1.4.40=py314_h8bb49ac_nompi_0
  - conda-forge/noarch::pysocks==1.7.1=pyha55dd90_7
  - conda-forge/noarch::python-dotenv==1.2.2=pyhcf101f3_0
  - conda-forge/noarch::pytz==2026.2=pyhcf101f3_0
  - conda-forge/osx-64::pyyaml==6.0.3=py314h10d0514_1
  - conda-forge/osx-64::regex==2026.5.9=py314h217eccc_0
  - conda-forge/osx-64::rpds-py==2026.5.1=py314h1d56075_0
  - conda-forge/osx-64::setproctitle==1.3.7=py314hd330473_0
  - conda-forge/noarch::setuptools==82.0.1=pyh332efcf_0
  - conda-forge/osx-64::sigtool-codesign==0.1.3=hc0f2934_0
  - conda-forge/noarch::six==1.17.0=pyhe01879c_1
  - conda-forge/noarch::sortedcontainers==2.4.0=pyhd8ed1ab_1
  - conda-forge/noarch::tabulate==0.10.0=pyhcf101f3_0
  - conda-forge/noarch::tblib==3.2.2=pyhcf101f3_0
  - conda-forge/noarch::toml==0.10.2=pyhcf101f3_3
  - conda-forge/noarch::tomli==2.4.1=pyhcf101f3_0
  - conda-forge/noarch::tqdm==4.68.3=pyh8f84b5b_0
  - conda-forge/noarch::typing_extensions==4.15.0=pyhcf101f3_0
  - conda-forge/noarch::unidecode==1.4.0=pyhcf101f3_1
  - conda-forge/noarch::waitress==3.0.2=pyhcf101f3_2
  - conda-forge/osx-64::zeromq==4.3.5=h84953be_11
  - conda-forge/noarch::zipp==4.1.0=pyhcf101f3_0
  - conda-forge/noarch::aiosignal==1.4.0=pyhd8ed1ab_0
  - conda-forge/noarch::cached-property==1.5.2=hd8ed1ab_1
  - conda-forge/osx-64::cffi==2.0.0=py314h8ca4d5a_1
  - conda-forge/osx-64::cmake==4.3.4=h2426fb6_0
  - conda-forge/noarch::exceptiongroup==1.3.1=pyhd8ed1ab_0
  - conda-forge/noarch::h2==4.3.0=pyhcf101f3_0
  - conda-forge/noarch::importlib-metadata==9.0.0=pyhcf101f3_0
  - conda-forge/noarch::jinja2==3.1.6=pyhcf101f3_1
  - conda-forge/osx-64::ld64_osx-64==956.6=llvm19_1_hcae3351_4
  - conda-forge/osx-64::libclang-cpp19.1==19.1.7=default_h9399c5b_9
  - conda-forge/osx-64::libgfortran==15.2.0=h7e5c614_19
  - conda-forge/osx-64::llvm-tools-19==19.1.7=h879f4bc_2
  - conda-forge/noarch::memory_profiler==0.61.0=pyhcf101f3_1
  - conda-forge/osx-64::openldap==2.6.13=h2f5043c_0
  - conda-forge/noarch::pybind11==3.0.3=pyhfe8187e_0
  - conda-forge/noarch::pyjwt==2.13.0=pyhcf101f3_0
  - conda-forge/noarch::python-dateutil==2.9.0.post0=pyhe01879c_2
  - conda-forge/noarch::python-gil==3.14.6=h4df99d1_100
  - conda-forge/noarch::referencing==0.37.0=pyhcf101f3_0
  - conda-forge/osx-64::tbb==2021.13.0=hc1436ee_6
  - conda-forge/noarch::typing-extensions==4.15.0=h396c80c_0
  - conda-forge/noarch::typing-inspection==0.4.2=pyhcf101f3_2
  - conda-forge/noarch::werkzeug==3.1.8=pyhcf101f3_0
  - conda-forge/noarch::_python_abi3_support==1.0=hd8ed1ab_2
  - conda-forge/noarch::annotated-types==0.7.0=pyhd8ed1ab_1
  - conda-forge/osx-64::clang-19==19.1.7=default_h9399c5b_9
  - conda-forge/osx-64::fftw==3.3.11=nompi_h54214ab_100
  - conda-forge/noarch::flask==3.1.3=pyhcf101f3_1
  - conda-forge/noarch::flexcache==0.3=pyhd8ed1ab_1
  - conda-forge/noarch::flexparser==0.4=pyhd8ed1ab_1
  - conda-forge/osx-64::gdma==2.3.3=hf090e6c_8
  - conda-forge/osx-64::hdf5==1.14.6=nompi_h13accda_110
  - conda-forge/noarch::jsonschema-specifications==2025.9.1=pyhcf101f3_0
  - conda-forge/osx-64::ld64==956.6=llvm19_1_hc3792c1_4
  - conda-forge/osx-64::libpcm==1.2.3=h62c8eb1_17
  - conda-forge/osx-64::libpq==18.4=h5935a4f_0
  - conda-forge/osx-64::llvm-tools==19.1.7=hb0207f0_2
  - conda-forge/noarch::mako==1.3.12=pyhcf101f3_0
  - conda-forge/osx-64::mkl==2023.2.0=h694c41f_50502
  - conda-forge/noarch::multidict==6.7.1=pyh62beb40_0
  - conda-forge/osx-64::pydantic-core==2.46.4=py314h8916c15_0
  - conda-forge/noarch::pytest==9.1.1=pyhc364b38_1
  - conda-forge/osx-64::sqlalchemy==2.0.51=py314h0b69929_0
  - conda-forge/osx-64::toml-f==0.5.1=gfortran_he40f8e4_0
  - conda-forge/noarch::typeguard==4.5.2=pyhcf101f3_0
  - conda-forge/noarch::urllib3==2.7.0=pyhd8ed1ab_0
  - conda-forge/osx-64::zstandard==0.25.0=py314hd1e8ddb_1
  - conda-forge/noarch::alembic==1.18.4=pyhcf101f3_0
  - conda-forge/noarch::botocore==1.43.32=pyhd8ed1ab_0
  - conda-forge/osx-64::cctools_impl_osx-64==1030.6.3=llvm19_1_h7d82c7c_4
  - conda-forge/noarch::flask-cors==6.0.5=pyhcf101f3_0
  - conda-forge/noarch::flask-jwt-extended==4.7.4=pyhcf101f3_0
  - conda-forge/osx-64::gauxc==1.1=nompi_ha7d68cc_105
  - conda-forge/osx-64::highfive==3.3.0=h495ac79_1
  - conda-forge/osx-64::jonquil==0.3.1=gfortran_he40f8e4_0
  - conda-forge/noarch::jsonschema==4.26.0=pyhcf101f3_0
  - conda-forge/osx-64::libblas==3.9.0=20_osx64_mkl
  - conda-forge/osx-64::mkl-devel==2023.2.0=h694c41f_50502
  - conda-forge/noarch::pcmsolver==1.2.3=py_17
  - conda-forge/noarch::pint==0.25.3=pyhc364b38_0
  - conda-forge/osx-64::postgresql==18.4=he8835e8_0
  - conda-forge/osx-64::psycopg2==2.9.12=py314h9276055_0
  - conda-forge/noarch::pydantic==2.13.4=pyhcf101f3_0
  - conda-forge/osx-64::pygdma==2.3.3=py314h55b05af_8
  - conda-forge/noarch::pytest-xdist==3.8.0=pyhd8ed1ab_0
  - conda-forge/osx-64::pyzmq==27.1.0=py312h2ac7433_3
  - conda-forge/noarch::requests==2.34.2=pyhcf101f3_0
  - conda-forge/noarch::yarl==1.24.2=pyh7db6752_0
  - conda-forge/noarch::aiohttp==3.14.1=pyhf64b827_0
  - conda-forge/noarch::basis_set_exchange==0.12=pyhd8ed1ab_0
  - conda-forge/osx-64::cctools==1030.6.3=llvm19_1_h67a6458_4
  - conda-forge/osx-64::cctools_osx-64==1030.6.3=llvm19_1_h8f0d4bb_4
  - conda-forge/osx-64::dkh==1.2=hef01bdc_2
  - conda-forge/osx-64::libcblas==3.9.0=20_osx64_mkl
  - conda-forge/osx-64::liblapack==3.9.0=20_osx64_mkl
  - conda-forge/osx-64::libtensorlight==3.0.1=heac9aa7_10
  - conda-forge/osx-64::mctc-lib==0.5.2=gfortran_h160aa53_0
  - conda-forge/noarch::parsl==2026.6.1=pyhcf101f3_0
  - conda-forge/noarch::pydantic-settings==2.14.2=pyhcf101f3_0
  - conda-forge/noarch::s3transfer==0.19.0=pyhd8ed1ab_0
  - conda-forge/osx-64::ambit==0.7.1=h6fca967_10
  - conda-forge/osx-64::arpack==3.9.1=nompi_hdfe9103_102
  - conda-forge/noarch::boto3==1.43.32=pyhd8ed1ab_0
  - conda-forge/osx-64::einsums==1.1.3=h9cbdcd9_0
  - conda-forge/osx-64::gcp-correction==2.3.2=gfortran_h160aa53_2
  - conda-forge/noarch::geoip2==4.8.0=pyhd8ed1ab_0
  - conda-forge/osx-64::libefp==1.5.0=h3018769_7
  - conda-forge/osx-64::liblapacke==3.9.0=20_osx64_mkl
  - conda-forge/osx-64::multicharge==0.5.0=gfortran_h7141999_1
  - conda-forge/osx-64::numpy==2.4.6=py314h7b24d9b_0
  - conda-forge/osx-64::simple-dftd3==1.4.0=gfortran_h160aa53_0
  - conda-forge/osx-64::superlu==7.0.0=h9cb3e3b_1
  - conda-forge/osx-64::armadillo==15.4.0=h7bf9abf_0
  - conda-forge/osx-64::blas-devel==3.9.0=20_osx64_mkl
  - conda-forge/osx-64::dftd3-python==1.4.0=py314h217eccc_0
  - conda-forge/osx-64::dftd4==4.2.0=gfortran_h7141999_0
  - conda-forge/osx-64::h5py==3.16.0=nompi_py314hd1d8aca_102
  - conda-forge/osx-64::pandas==3.0.3=py314h99bb933_0
  - conda-forge/osx-64::pyeinsums==1.1.3=py314he5d58c2_0
  - conda-forge/noarch::qcelemental==0.50.2=pyhd8ed1ab_0
  - conda-forge/osx-64::scipy==1.17.1=py314h5727af0_1
  - conda-forge/osx-64::adcc==0.17.0=py314h7008281_0
  - conda-forge/osx-64::dftd4-python==4.2.0=py314h66b4d67_0
  - conda-forge/noarch::geometric==1.1.1=pyhd8ed1ab_0
  - conda-forge/noarch::i-pi==3.1=pyhd8ed1ab_0
  - conda-forge/osx-64::openorbitaloptimizer==0.3.0=hc1436ee_0
  - conda-forge/osx-64::pyddx==0.7.0=py314h346e661_0
  - conda-forge/osx-64::pylibefp==0.6.2=py314h6a9aabd_7
  - conda-forge/noarch::qcengine==0.50.0=pyhd8ed1ab_0
  - conda-forge/noarch::qcmanybody==0.7.1=pyhd8ed1ab_0
  - conda-forge/noarch::qcportal==0.63=pyhd8ed1ab_0
  - conda-forge/noarch::optking==0.5.0=pyhd8ed1ab_0
  - conda-forge/noarch::qcfractalcompute==0.63=pyh707e725_0
  - conda-forge/noarch::torsiondrive==1.2.0=pyhd8ed1ab_0
  - conda-forge/noarch::qcfractal==0.63=pyh707e725_0
  - conda-forge/noarch::compiler-rt_osx-64==19.1.7=h138dee1_1
  - conda-forge/osx-64::c-compiler==1.11.0=h7a00415_0
  - conda-forge/osx-64::clang==19.1.7=default_h1323312_9
  - conda-forge/osx-64::compiler-rt==19.1.7=he914875_1
  - conda-forge/osx-64::gfortran_impl_osx-64==14.3.0=h94fe04d_1
  - conda-forge/osx-64::clang_impl_osx-64==19.1.7=default_ha1a018a_9
  - conda-forge/osx-64::clang_osx-64==19.1.7=h8a78ed7_32
  - conda-forge/osx-64::clangxx_impl_osx-64==19.1.7=default_ha1a018a_9
  - conda-forge/osx-64::clangxx==19.1.7=default_h9089c59_9
  - conda-forge/osx-64::gfortran_osx-64==14.3.0=h3223c34_0
  - conda-forge/osx-64::clangxx_osx-64==19.1.7=h8a78ed7_32
  - conda-forge/osx-64::gfortran==14.3.0=hcc3c99d_0
  - conda-forge/osx-64::cxx-compiler==1.11.0=h307afc9_0
  - conda-forge/osx-64::fortran-compiler==1.11.0=h9ab62e8_0
