name: p4dev
channels:
  - conda-forge
  - nodefaults
dependencies:
  - conda-forge/osx-arm64::eigen==5.0.1=h44d0d2d_0
  - conda-forge/osx-arm64::libboost-headers==1.91.0=hce30654_0
  - conda-forge/osx-arm64::bzip2==1.0.8=hd037594_9
  - conda-forge/osx-arm64::c-ares==1.34.6=hc919400_0
  - conda-forge/noarch::ca-certificates==2026.6.17=hbd8a1cb_0
  - conda-forge/osx-arm64::gau2grid==2.0.9=h88b7d96_0
  - conda-forge/osx-arm64::icu==78.3=hef89b57_0
  - conda-forge/osx-arm64::libcxx==22.1.8=h55c6f16_0
  - conda-forge/noarch::libcxx-headers==19.1.7=h707e725_2
  - conda-forge/osx-arm64::libev==4.33=h93a5062_2
  - conda-forge/osx-arm64::libexpat==2.8.1=hf6b4638_1
  - conda-forge/osx-arm64::libffi==3.5.2=hcf2aa1b_0
  - conda-forge/noarch::libgfortran-devel_osx-arm64==14.3.0=hc965647_1
  - conda-forge/osx-arm64::libiconv==1.18=h23cfdf5_2
  - conda-forge/osx-arm64::liblzma==5.8.3=h8088a28_0
  - conda-forge/osx-arm64::libmpdec==4.0.0=h84a0fba_1
  - conda-forge/osx-arm64::libntlm==1.8=h5505292_0
  - conda-forge/osx-arm64::libsodium==1.0.22=h1a92334_1
  - conda-forge/osx-arm64::libuv==1.52.1=h1a92334_0
  - conda-forge/osx-arm64::libxc-c==7.0.0=cpu_h7ee64da_6
  - conda-forge/osx-arm64::libzlib==1.3.2=h8088a28_2
  - conda-forge/osx-arm64::llvm-openmp==22.1.8=hc7d1edf_0
  - conda-forge/osx-arm64::ncurses==6.6=h1d4f5a5_0
  - conda-forge/noarch::pybind11-abi==11=hc364b38_1
  - conda-forge/noarch::python_abi==3.14=8_cp314
  - conda-forge/osx-arm64::rhash==1.4.6=h5505292_1
  - conda-forge/noarch::sdkroot_env_osx-arm64==26.0=ha3f98da_7
  - conda-forge/osx-arm64::tzcode==2026b=h1a92334_0
  - conda-forge/noarch::tzdata==2025c=hc9c84f9_1
  - conda-forge/osx-arm64::yaml==0.2.5=h925e9cb_3
  - conda-forge/osx-arm64::_openmp_mutex==4.5=7_kmp_llvm
  - conda-forge/osx-arm64::cpp-argparse==3.2=ha393de7_1
  - conda-forge/osx-arm64::exchcxx==1.0.0=cpu_he112363_3
  - conda-forge/osx-arm64::fmt==12.1.0=h403dcb5_0
  - conda-forge/osx-arm64::gmp==6.3.0=h7bae524_2
  - conda-forge/osx-arm64::integratorxx==1.0.0=h4ddebb9_1
  - conda-forge/osx-arm64::isl==0.26=imath32_h347afa1_101
  - conda-forge/osx-arm64::libaec==1.1.5=h8664d51_0
  - conda-forge/osx-arm64::libcxx-devel==19.1.7=h6dc3340_2
  - conda-forge/osx-arm64::libedit==3.1.20250104=pl5321hafb1f1b_0
  - conda-forge/osx-arm64::libint==2.13.1=h5a0831b_0
  - conda-forge/osx-arm64::libsqlite==3.53.2=h1ae2325_0
  - conda-forge/osx-arm64::libxml2-16==2.15.3=h5ef1a60_0
  - conda-forge/osx-arm64::lz4-c==1.10.0=h286801f_1
  - conda-forge/osx-arm64::ninja==1.13.2=h49c215f_0
  - conda-forge/osx-arm64::openssl==3.6.3=hd24854e_0
  - conda-forge/osx-arm64::pugixml==1.15=hd3d436d_0
  - conda-forge/osx-arm64::readline==8.3=h46df422_0
  - conda-forge/osx-arm64::tapi==1600.0.11.8=h997e182_2
  - conda-forge/osx-arm64::tk==8.6.13=h010d191_3
  - conda-forge/osx-arm64::zlib==1.3.2=h8088a28_2
  - conda-forge/osx-arm64::zstd==1.5.7=hbf9d68e_6
  - conda-forge/osx-arm64::krb5==1.22.2=hfd3d5f3_1
  - conda-forge/osx-arm64::libdwarf==2.1.0=h1da24b5_1
  - conda-forge/osx-arm64::libecpint==1.0.7=hff75ede_12
  - conda-forge/osx-arm64::libgcc==15.2.0=hcbb3090_19
  - conda-forge/osx-arm64::libnghttp2==1.68.1=h8f3e76b_0
  - conda-forge/osx-arm64::libsigtool==0.1.3=h98dc951_0
  - conda-forge/osx-arm64::libssh2==1.11.1=h1590b86_0
  - conda-forge/osx-arm64::libxml2==2.15.3=h5654f7c_0
  - conda-forge/osx-arm64::mpfr==4.2.2=h6bc93b0_0
  - conda-forge/osx-arm64::python==3.14.6=h156bc91_100_cp314
  - conda-forge/osx-arm64::spdlog==1.17.0=ha0f8610_1
  - conda-forge/noarch::aiohappyeyeballs==2.6.2=pyhd8ed1ab_0
  - conda-forge/osx-arm64::apsw==3.53.2.0=py314h6c2aa35_0
  - conda-forge/noarch::argcomplete==3.6.3=pyhd8ed1ab_0
  - conda-forge/noarch::async-timeout==5.0.1=pyhcf101f3_2
  - conda-forge/noarch::attrs==26.1.0=pyhcf101f3_0
  - conda-forge/noarch::backports.zstd==1.6.0=py314h680f03e_0
  - conda-forge/osx-arm64::bcrypt==5.0.0=py314haad56a0_1
  - conda-forge/noarch::blinker==1.9.0=pyhff2d567_0
  - conda-forge/osx-arm64::brotli-python==1.2.0=py314h3daef5d_1
  - conda-forge/noarch::cached_property==1.5.2=pyha770c72_1
  - conda-forge/noarch::certifi==2026.6.17=pyhd8ed1ab_0
  - conda-forge/noarch::charset-normalizer==3.4.7=pyhd8ed1ab_0
  - conda-forge/noarch::click==8.4.1=pyhc90fa1f_0
  - conda-forge/osx-arm64::cppe==0.3.4=py314h0e90bff_1
  - conda-forge/osx-arm64::cpptrace==1.0.4=default_h7920499_100
  - conda-forge/noarch::cpython==3.14.6=py314hd8ed1ab_100
  - conda-forge/osx-arm64::cyrus-sasl==2.1.28=hb961e35_1
  - conda-forge/noarch::dill==0.4.1=pyhcf101f3_0
  - conda-forge/noarch::execnet==2.1.2=pyhd8ed1ab_0
  - conda-forge/noarch::filelock==3.29.4=pyhd8ed1ab_0
  - conda-forge/noarch::frozenlist==1.8.0=pyhf298e5d_0
  - conda-forge/osx-arm64::greenlet==3.5.2=py314he609de1_0
  - conda-forge/noarch::hpack==4.1.0=pyhd8ed1ab_0
  - conda-forge/noarch::hyperframe==6.1.0=pyhd8ed1ab_0
  - conda-forge/noarch::idna==3.18=pyhcf101f3_0
  - conda-forge/noarch::iniconfig==2.3.0=pyhd8ed1ab_0
  - conda-forge/noarch::itsdangerous==2.2.0=pyhd8ed1ab_1
  - conda-forge/noarch::jmespath==1.1.0=pyhcf101f3_1
  - conda-forge/osx-arm64::libcurl==8.20.0=hd5a2499_0
  - conda-forge/osx-arm64::libgfortran5==15.2.0=hdae7583_19
  - conda-forge/osx-arm64::libllvm19==19.1.7=h8e0c9ce_2
  - conda-forge/osx-arm64::libxslt==1.1.43=hb2570ba_1
  - conda-forge/osx-arm64::markupsafe==3.0.3=py314h6e9b3f0_1
  - conda-forge/noarch::maxminddb==2.6.2=pyhd8ed1ab_0
  - conda-forge/osx-arm64::mpc==1.4.0=h169892a_0
  - conda-forge/osx-arm64::msgpack-python==1.2.0=py314h6cfcd04_0
  - conda-forge/noarch::networkx==3.6.1=pyhcf101f3_0
  - conda-forge/noarch::opt_einsum==3.4.0=pyhd8ed1ab_1
  - conda-forge/noarch::packaging==26.2=pyhc364b38_0
  - conda-forge/noarch::pip==26.1.2=pyh145f28c_0
  - conda-forge/noarch::platformdirs==4.10.0=pyhcf101f3_0
  - conda-forge/noarch::pluggy==1.6.0=pyhf9edf01_1
  - conda-forge/noarch::propcache==0.5.2=pyh7db6752_0
  - conda-forge/osx-arm64::psutil==7.2.2=py314ha14b1ff_0
  - conda-forge/noarch::py-cpuinfo==9.0.0=pyhd8ed1ab_1
  - conda-forge/noarch::pybind11-global==3.0.3=pyh648e204_0
  - conda-forge/noarch::pycparser==3.0=pyhcf101f3_0
  - conda-forge/noarch::pygments==2.20.0=pyhd8ed1ab_0
  - conda-forge/osx-arm64::pymdi==1.4.40=py314_hf0732ad_nompi_0
  - conda-forge/noarch::pysocks==1.7.1=pyha55dd90_7
  - conda-forge/noarch::python-dotenv==1.2.2=pyhcf101f3_0
  - conda-forge/noarch::pytz==2026.2=pyhcf101f3_0
  - conda-forge/osx-arm64::pyyaml==6.0.3=py314h6e9b3f0_1
  - conda-forge/osx-arm64::regex==2026.5.9=py314h6c2aa35_0
  - conda-forge/osx-arm64::rpds-py==2026.5.1=py314he1d1ac0_0
  - conda-forge/osx-arm64::setproctitle==1.3.7=py314ha14b1ff_0
  - conda-forge/noarch::setuptools==82.0.1=pyh332efcf_0
  - conda-forge/osx-arm64::sigtool-codesign==0.1.3=h98dc951_0
  - conda-forge/noarch::six==1.17.0=pyhe01879c_1
  - conda-forge/noarch::sortedcontainers==2.4.0=pyhd8ed1ab_1
  - conda-forge/noarch::tabulate==0.10.0=pyhcf101f3_0
  - conda-forge/noarch::tblib==3.2.2=pyhcf101f3_0
  - conda-forge/noarch::toml==0.10.2=pyhcf101f3_3
  - conda-forge/noarch::tomli==2.4.1=pyhcf101f3_0
  - conda-forge/noarch::tqdm==4.68.3=pyh8f84b5b_0
  - conda-forge/noarch::typing_extensions==4.15.0=pyhcf101f3_0
  - conda-forge/noarch::unidecode==1.4.0=pyhcf101f3_1
  - conda-forge/noarch::waitress==3.0.2=pyhcf101f3_2
  - conda-forge/osx-arm64::zeromq==4.3.5=h10816f8_11
  - conda-forge/noarch::zipp==4.1.0=pyhcf101f3_0
  - conda-forge/noarch::aiosignal==1.4.0=pyhd8ed1ab_0
  - conda-forge/noarch::cached-property==1.5.2=hd8ed1ab_1
  - conda-forge/osx-arm64::cffi==2.0.0=py314h44086f9_1
  - conda-forge/osx-arm64::cmake==4.3.4=h8cb302d_0
  - conda-forge/noarch::exceptiongroup==1.3.1=pyhd8ed1ab_0
  - conda-forge/noarch::h2==4.3.0=pyhcf101f3_0
  - conda-forge/noarch::importlib-metadata==9.0.0=pyhcf101f3_0
  - conda-forge/noarch::jinja2==3.1.6=pyhcf101f3_1
  - conda-forge/osx-arm64::ld64_osx-arm64==956.6=llvm19_1_ha2625f7_4
  - conda-forge/osx-arm64::libclang-cpp19.1==19.1.7=default_hf3020a7_9
  - conda-forge/osx-arm64::libgfortran==15.2.0=h07b0088_19
  - conda-forge/osx-arm64::llvm-tools-19==19.1.7=h91fd4e7_2
  - conda-forge/noarch::memory_profiler==0.61.0=pyhcf101f3_1
  - conda-forge/osx-arm64::openldap==2.6.13=hf7f56bc_0
  - conda-forge/noarch::pybind11==3.0.3=pyhfe8187e_0
  - conda-forge/noarch::pyjwt==2.13.0=pyhcf101f3_0
  - conda-forge/noarch::python-dateutil==2.9.0.post0=pyhe01879c_2
  - conda-forge/noarch::python-gil==3.14.6=h4df99d1_100
  - conda-forge/noarch::referencing==0.37.0=pyhcf101f3_0
  - conda-forge/noarch::typing-extensions==4.15.0=h396c80c_0
  - conda-forge/noarch::typing-inspection==0.4.2=pyhcf101f3_2
  - conda-forge/noarch::werkzeug==3.1.8=pyhcf101f3_0
  - conda-forge/noarch::_python_abi3_support==1.0=hd8ed1ab_2
  - conda-forge/noarch::annotated-types==0.7.0=pyhd8ed1ab_1
  - conda-forge/osx-arm64::clang-19==19.1.7=default_hf3020a7_9
  - conda-forge/osx-arm64::fftw==3.3.11=nompi_haf1500d_100
  - conda-forge/noarch::flask==3.1.3=pyhcf101f3_1
  - conda-forge/noarch::flexcache==0.3=pyhd8ed1ab_1
  - conda-forge/noarch::flexparser==0.4=pyhd8ed1ab_1
  - conda-forge/osx-arm64::gdma==2.3.3=h95dfc9f_8
  - conda-forge/osx-arm64::hdf5==1.14.6=nompi_had3affe_110
  - conda-forge/noarch::jsonschema-specifications==2025.9.1=pyhcf101f3_0
  - conda-forge/osx-arm64::ld64==956.6=llvm19_1_he86490a_4
  - conda-forge/osx-arm64::libblas==3.11.0=8_h3d1d584_accelerate
  - conda-forge/osx-arm64::libpcm==1.2.3=h9998470_17
  - conda-forge/osx-arm64::libpq==18.4=ha770aab_0
  - conda-forge/osx-arm64::llvm-tools==19.1.7=h855ad52_2
  - conda-forge/noarch::mako==1.3.12=pyhcf101f3_0
  - conda-forge/noarch::multidict==6.7.1=pyh62beb40_0
  - conda-forge/osx-arm64::pydantic-core==2.46.4=py314h54f3292_0
  - conda-forge/noarch::pytest==9.1.1=pyhc364b38_1
  - conda-forge/osx-arm64::sqlalchemy==2.0.51=py314ha14b1ff_0
  - conda-forge/osx-arm64::toml-f==0.5.1=gfortran_h04795c8_0
  - conda-forge/noarch::typeguard==4.5.2=pyhcf101f3_0
  - conda-forge/noarch::urllib3==2.7.0=pyhd8ed1ab_0
  - conda-forge/osx-arm64::zstandard==0.25.0=py314h9d33bd4_1
  - conda-forge/noarch::alembic==1.18.4=pyhcf101f3_0
  - conda-forge/noarch::botocore==1.43.32=pyhd8ed1ab_0
  - conda-forge/osx-arm64::cctools_impl_osx-arm64==1030.6.3=llvm19_1_he8a363d_4
  - conda-forge/osx-arm64::dkh==1.2=ha5ff845_2
  - conda-forge/noarch::flask-cors==6.0.5=pyhcf101f3_0
  - conda-forge/noarch::flask-jwt-extended==4.7.4=pyhcf101f3_0
  - conda-forge/osx-arm64::gauxc==1.1=nompi_hf0f618c_105
  - conda-forge/osx-arm64::highfive==3.3.0=h2ee2622_1
  - conda-forge/osx-arm64::jonquil==0.3.1=gfortran_h04795c8_0
  - conda-forge/noarch::jsonschema==4.26.0=pyhcf101f3_0
  - conda-forge/osx-arm64::libcblas==3.11.0=8_h752f6bc_accelerate
  - conda-forge/osx-arm64::liblapack==3.11.0=8_hcb0d94e_accelerate
  - conda-forge/noarch::pcmsolver==1.2.3=py_17
  - conda-forge/noarch::pint==0.25.3=pyhc364b38_0
  - conda-forge/osx-arm64::postgresql==18.4=hfde6fa7_0
  - conda-forge/osx-arm64::psycopg2==2.9.12=py314h96bd916_0
  - conda-forge/noarch::pydantic==2.13.4=pyhcf101f3_0
  - conda-forge/osx-arm64::pygdma==2.3.3=py314h2fe6b5e_8
  - conda-forge/noarch::pytest-xdist==3.8.0=pyhd8ed1ab_0
  - conda-forge/osx-arm64::pyzmq==27.1.0=py312h022ad19_3
  - conda-forge/noarch::requests==2.34.2=pyhcf101f3_0
  - conda-forge/noarch::yarl==1.24.2=pyh7db6752_0
  - conda-forge/noarch::aiohttp==3.14.1=pyhf64b827_0
  - conda-forge/osx-arm64::ambit==0.7.1=hed81fbd_10
  - conda-forge/osx-arm64::arpack==3.9.1=nompi_h1f29f7c_102
  - conda-forge/noarch::basis_set_exchange==0.12=pyhd8ed1ab_0
  - conda-forge/osx-arm64::cctools==1030.6.3=llvm19_1_hd01ab73_4
  - conda-forge/osx-arm64::cctools_osx-arm64==1030.6.3=llvm19_1_hd01ab73_4
  - conda-forge/osx-arm64::einsums==1.1.3=h13a9246_0
  - conda-forge/osx-arm64::libefp==1.5.0=hc3d17b0_7
  - conda-forge/osx-arm64::liblapacke==3.11.0=8_hbdd07e9_accelerate
  - conda-forge/osx-arm64::libtensorlight==3.0.1=hcbbe880_10
  - conda-forge/osx-arm64::mctc-lib==0.5.2=gfortran_h0230218_0
  - conda-forge/osx-arm64::numpy==2.4.6=py314hb79c6fa_0
  - conda-forge/noarch::parsl==2026.6.1=pyhcf101f3_0
  - conda-forge/noarch::pydantic-settings==2.14.2=pyhcf101f3_0
  - conda-forge/noarch::s3transfer==0.19.0=pyhd8ed1ab_0
  - conda-forge/osx-arm64::superlu==7.0.0=h742a510_1
  - conda-forge/osx-arm64::armadillo==15.4.0=he80eda4_0
  - conda-forge/osx-arm64::blas-devel==3.11.0=8_h55bc449_accelerate
  - conda-forge/noarch::boto3==1.43.32=pyhd8ed1ab_0
  - conda-forge/osx-arm64::gcp-correction==2.3.2=gfortran_h4779c71_2
  - conda-forge/noarch::geoip2==4.8.0=pyhd8ed1ab_0
  - conda-forge/osx-arm64::h5py==3.16.0=nompi_py314hb49d8aa_102
  - conda-forge/osx-arm64::multicharge==0.5.0=gfortran_hc17bbfb_1
  - conda-forge/osx-arm64::pandas==3.0.3=py314he609de1_0
  - conda-forge/osx-arm64::pyeinsums==1.1.3=py314hb995c5f_0
  - conda-forge/noarch::qcelemental==0.50.2=pyhd8ed1ab_0
  - conda-forge/osx-arm64::scipy==1.18.0=py314h18e1515_0
  - conda-forge/osx-arm64::simple-dftd3==1.4.0=gfortran_h0230218_0
  - conda-forge/osx-arm64::adcc==0.17.0=py314h4ed92d5_0
  - conda-forge/osx-arm64::dftd3-python==1.4.0=py314h6c2aa35_0
  - conda-forge/osx-arm64::dftd4==4.2.0=gfortran_hc17bbfb_0
  - conda-forge/noarch::geometric==1.1.1=pyhd8ed1ab_0
  - conda-forge/noarch::i-pi==3.1=pyhd8ed1ab_0
  - conda-forge/osx-arm64::openorbitaloptimizer==0.3.0=h4ddebb9_0
  - conda-forge/osx-arm64::pyddx==0.7.0=py314h82a50d2_0
  - conda-forge/osx-arm64::pylibefp==0.6.2=py314h59bc303_7
  - conda-forge/noarch::qcengine==0.50.0=pyhd8ed1ab_0
  - conda-forge/noarch::qcmanybody==0.7.1=pyhd8ed1ab_0
  - conda-forge/noarch::qcportal==0.63=pyhd8ed1ab_0
  - conda-forge/osx-arm64::dftd4-python==4.2.0=py314h18494ec_0
  - conda-forge/noarch::optking==0.5.0=pyhd8ed1ab_0
  - conda-forge/noarch::qcfractalcompute==0.63=pyh707e725_0
  - conda-forge/noarch::torsiondrive==1.2.0=pyhd8ed1ab_0
  - conda-forge/noarch::qcfractal==0.63=pyh707e725_0
  - conda-forge/noarch::compiler-rt_osx-arm64==19.1.7=he32a8d3_1
  - conda-forge/osx-arm64::c-compiler==1.11.0=h61f9b84_0
  - conda-forge/osx-arm64::clang==19.1.7=default_hf9bcbb7_9
  - conda-forge/osx-arm64::compiler-rt==19.1.7=h855ad52_1
  - conda-forge/osx-arm64::gfortran_impl_osx-arm64==14.3.0=h6d03799_1
  - conda-forge/osx-arm64::clang_impl_osx-arm64==19.1.7=default_hc11f16d_9
  - conda-forge/osx-arm64::clang_osx-arm64==19.1.7=h75f8d18_32
  - conda-forge/osx-arm64::clangxx_impl_osx-arm64==19.1.7=default_hc11f16d_9
  - conda-forge/osx-arm64::clangxx==19.1.7=default_hc995acf_9
  - conda-forge/osx-arm64::gfortran_osx-arm64==14.3.0=h3c33bd0_0
  - conda-forge/osx-arm64::clangxx_osx-arm64==19.1.7=h75f8d18_32
  - conda-forge/osx-arm64::gfortran==14.3.0=h3ef1dbf_0
  - conda-forge/osx-arm64::cxx-compiler==1.11.0=h88570a1_0
  - conda-forge/osx-arm64::fortran-compiler==1.11.0=h81a4f41_0
