name: p4dev
channels:
  - conda-forge
  - nodefaults
dependencies:
  - conda-forge/win-64::eigen==5.0.1=h5112557_0
  - conda-forge/win-64::libboost-headers==1.91.0=h57928b3_0
  - conda-forge/noarch::ca-certificates==2026.6.17=h4c7d964_0
  - conda-forge/win-64::onemkl-license==2026.0.0=h57928b3_908
  - conda-forge/noarch::pybind11-abi==11=hc364b38_1
  - conda-forge/noarch::python_abi==3.14=8_cp314
  - conda-forge/noarch::tzdata==2025c=hc9c84f9_1
  - conda-forge/win-64::ucrt==10.0.26100.0=h57928b3_0
  - conda-forge/noarch::vswhere==3.1.7=h40126e0_1
  - conda-forge/win-64::libwinpthread==12.0.0.r4.gg4f2fc60ca=h57928b3_10
  - conda-forge/win-64::mkl-include==2026.0.0=h57928b3_908
  - conda-forge/win-64::vcomp14==14.51.36231=h1b9f54f_39
  - conda-forge/win-64::vs2022_win-64==19.44.35207=ha74f236_39
  - conda-forge/win-64::c-compiler==1.11.0=h528c1b4_0
  - conda-forge/win-64::cxx-compiler==1.11.0=h1c1089f_0
  - conda-forge/win-64::libgomp==15.2.0=h8ee18e1_19
  - conda-forge/win-64::vc14_runtime==14.51.36231=h1b9f54f_39
  - conda-forge/win-64::_openmp_mutex==4.5=20_gnu
  - conda-forge/win-64::vc==14.5=h1b7c187_39
  - conda-forge/win-64::bzip2==1.0.8=h0ad9c76_9
  - conda-forge/win-64::gau2grid==2.0.9=hfd05255_0
  - conda-forge/win-64::integratorxx==1.0.0=h4563306_1
  - conda-forge/win-64::libexpat==2.8.1=hac47afa_1
  - conda-forge/win-64::libffi==3.5.2=h3d046cb_0
  - conda-forge/win-64::libgcc==15.2.0=h8ee18e1_19
  - conda-forge/win-64::libiconv==1.18=hc1393d2_2
  - conda-forge/win-64::libint==2.13.1=h121169c_0
  - conda-forge/win-64::liblzma==5.8.3=hfd05255_0
  - conda-forge/win-64::libmpdec==4.0.0=hfd05255_1
  - conda-forge/win-64::libsqlite==3.53.2=hf5d6505_0
  - conda-forge/win-64::libuv==1.52.1=h6a83c73_0
  - conda-forge/win-64::libxc-c==7.0.0=cpu_h8b675c9_6
  - conda-forge/win-64::libzlib==1.3.2=hfd05255_2
  - conda-forge/win-64::llvm-openmp==22.1.8=h4fa8253_0
  - conda-forge/win-64::ninja==1.13.2=h477610d_0
  - conda-forge/win-64::openssl==3.6.3=hf411b9b_0
  - conda-forge/win-64::pugixml==1.15=h372dad0_0
  - conda-forge/win-64::tk==8.6.13=h6ed50ae_3
  - conda-forge/win-64::yaml==0.2.5=h6a83c73_3
  - conda-forge/win-64::krb5==1.22.2=h719d79b_1
  - conda-forge/win-64::libecpint==1.0.7=hb61b842_12
  - conda-forge/win-64::libgfortran5==15.2.0=h44d81a7_19
  - conda-forge/win-64::libssh2==1.11.1=h9aa295b_0
  - conda-forge/win-64::libstdcxx==15.2.0=hae5796f_19
  - conda-forge/win-64::libxml2-16==2.15.3=h692994f_0
  - conda-forge/win-64::zlib==1.3.2=hfd05255_2
  - conda-forge/win-64::zstd==1.5.7=h534d264_6
  - conda-forge/win-64::libcurl==8.20.0=h8206538_0
  - conda-forge/win-64::libgfortran==15.2.0=h719f0c7_19
  - conda-forge/win-64::libxml2==2.15.3=hbc0d294_0
  - conda-forge/win-64::python==3.14.6=h4b44e0e_100_cp314
  - conda-forge/noarch::argcomplete==3.6.3=pyhd8ed1ab_0
  - conda-forge/noarch::attrs==26.1.0=pyhcf101f3_0
  - conda-forge/win-64::cmake==4.3.4=hdcbee5b_0
  - conda-forge/noarch::cpython==3.14.6=py314hd8ed1ab_100
  - conda-forge/noarch::execnet==2.1.2=pyhd8ed1ab_0
  - conda-forge/win-64::gdma==2.3.3=h60fe942_8
  - conda-forge/noarch::iniconfig==2.3.0=pyhd8ed1ab_0
  - conda-forge/win-64::libhwloc==2.13.0=default_h049141e_1000
  - conda-forge/win-64::libpcm==1.2.3=hf943dcc_17
  - conda-forge/win-64::msgpack-python==1.2.0=py314h909e829_0
  - conda-forge/noarch::networkx==3.6.1=pyhcf101f3_0
  - conda-forge/noarch::packaging==26.2=pyhc364b38_0
  - conda-forge/noarch::pip==26.1.2=pyh145f28c_0
  - conda-forge/noarch::platformdirs==4.10.0=pyhcf101f3_0
  - conda-forge/noarch::pluggy==1.6.0=pyhf9edf01_1
  - conda-forge/win-64::psutil==7.2.2=py314hc5dbbe4_0
  - conda-forge/noarch::py-cpuinfo==9.0.0=pyhd8ed1ab_1
  - conda-forge/noarch::pybind11-global==3.0.3=pyhc8003f9_0
  - conda-forge/noarch::pycparser==3.0=pyhcf101f3_0
  - conda-forge/noarch::pygments==2.20.0=pyhd8ed1ab_0
  - conda-forge/win-64::pymdi==1.4.40=py314_h231026b_nompi_0
  - conda-forge/noarch::python-dotenv==1.2.2=pyhcf101f3_0
  - conda-forge/noarch::python-tzdata==2026.2=pyhd8ed1ab_0
  - conda-forge/win-64::pyyaml==6.0.3=py314h2359020_1
  - conda-forge/win-64::regex==2026.5.9=py314h5a2d7ad_0
  - conda-forge/win-64::rpds-py==2026.5.1=py314hc980628_0
  - conda-forge/noarch::setuptools==82.0.1=pyh332efcf_0
  - conda-forge/noarch::six==1.17.0=pyhe01879c_1
  - conda-forge/noarch::toml==0.10.2=pyhcf101f3_3
  - conda-forge/win-64::toml-f==0.5.1=gfortran_hee28707_0
  - conda-forge/noarch::tomli==2.4.1=pyhcf101f3_0
  - conda-forge/noarch::typing_extensions==4.15.0=pyhcf101f3_0
  - conda-forge/noarch::unidecode==1.4.0=pyhcf101f3_1
  - conda-forge/win-64::cffi==2.0.0=py314h5a2d7ad_1
  - conda-forge/noarch::exceptiongroup==1.3.1=pyhd8ed1ab_0
  - conda-forge/win-64::jonquil==0.3.1=gfortran_hee28707_0
  - conda-forge/noarch::pcmsolver==1.2.3=py_17
  - conda-forge/noarch::pybind11==3.0.3=pyhfe8187e_0
  - conda-forge/win-64::pygdma==2.3.3=py314h16f44d1_8
  - conda-forge/noarch::python-dateutil==2.9.0.post0=pyhe01879c_2
  - conda-forge/noarch::python-gil==3.14.6=h4df99d1_100
  - conda-forge/noarch::referencing==0.37.0=pyhcf101f3_0
  - conda-forge/win-64::tbb==2023.0.0=hd3d4ead_2
  - conda-forge/noarch::typing-extensions==4.15.0=h396c80c_0
  - conda-forge/noarch::typing-inspection==0.4.2=pyhcf101f3_2
  - conda-forge/noarch::annotated-types==0.7.0=pyhd8ed1ab_1
  - conda-forge/noarch::flexcache==0.3=pyhd8ed1ab_1
  - conda-forge/noarch::flexparser==0.4=pyhd8ed1ab_1
  - conda-forge/noarch::jsonschema-specifications==2025.9.1=pyhcf101f3_0
  - conda-forge/win-64::mctc-lib==0.5.2=gfortran_hee28707_0
  - conda-forge/win-64::mkl==2026.0.0=hac47afa_908
  - conda-forge/win-64::pydantic-core==2.46.4=py314h9f07db2_0
  - conda-forge/noarch::pytest==9.1.1=pyhc364b38_1
  - conda-forge/win-64::gcp-correction==2.3.2=gfortran_h91c1c19_2
  - conda-forge/noarch::jsonschema==4.26.0=pyhcf101f3_0
  - conda-forge/win-64::libblas==3.11.0=8_h8455456_mkl
  - conda-forge/win-64::mkl-devel==2026.0.0=h57928b3_908
  - conda-forge/noarch::pint==0.25.3=pyhc364b38_0
  - conda-forge/noarch::pydantic==2.13.4=pyhcf101f3_0
  - conda-forge/noarch::pytest-xdist==3.8.0=pyhd8ed1ab_0
  - conda-forge/win-64::simple-dftd3==1.4.0=gfortran_hee28707_0
  - conda-forge/noarch::basis_set_exchange==0.12=pyhd8ed1ab_0
  - conda-forge/win-64::dkh==1.2=h19f4480_3
  - conda-forge/win-64::libcblas==3.11.0=8_h2a3cdd5_mkl
  - conda-forge/win-64::liblapack==3.11.0=8_hf9ab0e9_mkl
  - conda-forge/noarch::pydantic-settings==2.14.2=pyhcf101f3_0
  - conda-forge/win-64::libefp==1.5.0=hd46a25d_7
  - conda-forge/win-64::liblapacke==3.11.0=8_h3ae206f_mkl
  - conda-forge/win-64::multicharge==0.5.0=gfortran_hca11032_1
  - conda-forge/win-64::numpy==2.4.6=py314h02f10f6_0
  - conda-forge/win-64::blas-devel==3.11.0=8_h85df5b5_mkl
  - conda-forge/win-64::dftd3-python==1.4.0=py314h9f0468e_0
  - conda-forge/win-64::dftd4==4.2.0=gfortran_hca11032_0
  - conda-forge/win-64::pandas==3.0.3=py314hf700ef7_0
  - conda-forge/noarch::qcelemental==0.50.2=pyhd8ed1ab_0
  - conda-forge/win-64::scipy==1.17.1=py314h221f224_1
  - conda-forge/win-64::dftd4-python==4.2.0=py314hdb77ce9_0
  - conda-forge/noarch::geometric==1.1.1=pyhd8ed1ab_0
  - conda-forge/noarch::i-pi==3.1=pyhd8ed1ab_0
  - conda-forge/win-64::pylibefp==0.6.2=py314h495431d_7
  - conda-forge/noarch::qcengine==0.50.0=pyhd8ed1ab_0
  - conda-forge/noarch::qcmanybody==0.7.1=pyhd8ed1ab_0
  - conda-forge/noarch::optking==0.5.0=pyhd8ed1ab_0
