# Generated by conda-lock.
# platform: win-64
# input_hash: 1b7845583d13218bd331afb6794fb6bb421e36da29f913acf7f3d30d157bf3f1

channels:
  - conda-forge
dependencies:
  - _openmp_mutex=4.5=20_gnu
  - annotated-types=0.7.0=pyhd8ed1ab_1
  - argcomplete=3.6.3=pyhd8ed1ab_0
  - attrs=26.1.0=pyhcf101f3_0
  - basis_set_exchange=0.12=pyhd8ed1ab_0
  - blas-devel=3.11.0=8_h85df5b5_mkl
  - bzip2=1.0.8=h0ad9c76_9
  - c-compiler=1.11.0=h528c1b4_0
  - ca-certificates=2026.6.17=h4c7d964_0
  - cffi=2.0.0=py313h5ea7bf4_1
  - cmake=4.3.4=hdcbee5b_0
  - colorama=0.4.6=pyhd8ed1ab_1
  - cpython=3.13.14=py313hd8ed1ab_100
  - cxx-compiler=1.11.0=h1c1089f_0
  - dftd3-python=1.4.0=py313h685ad9d_0
  - dftd4=4.2.0=gfortran_hca11032_0
  - dftd4-python=4.2.0=py313h14de2c6_0
  - dkh=1.2=h19f4480_3
  - eigen=5.0.1=h5112557_0
  - exceptiongroup=1.3.1=pyhd8ed1ab_0
  - execnet=2.1.2=pyhd8ed1ab_0
  - flexcache=0.3=pyhd8ed1ab_1
  - flexparser=0.4=pyhd8ed1ab_1
  - gau2grid=2.0.9=hfd05255_0
  - gcp-correction=2.3.2=gfortran_h91c1c19_2
  - gdma=2.3.3=h60fe942_8
  - geometric=1.1.1=pyhd8ed1ab_0
  - i-pi=3.1=pyhd8ed1ab_0
  - iniconfig=2.3.0=pyhd8ed1ab_0
  - integratorxx=1.0.0=h4563306_1
  - jonquil=0.3.2=gfortran_hee28707_0
  - jsonschema=4.26.0=pyhcf101f3_0
  - jsonschema-specifications=2025.9.1=pyhcf101f3_0
  - krb5=1.22.2=h719d79b_1
  - libblas=3.11.0=8_h8455456_mkl
  - libboost-headers=1.91.0=h57928b3_0
  - libcblas=3.11.0=8_h2a3cdd5_mkl
  - libcurl=8.21.0=h8206538_0
  - libecpint=1.0.7=hb61b842_12
  - libefp=1.5.0=hd46a25d_7
  - libexpat=2.8.1=hac47afa_1
  - libffi=3.5.2=h3d046cb_0
  - libgcc=15.2.0=h8ee18e1_19
  - libgfortran=15.2.0=h719f0c7_19
  - libgfortran5=15.2.0=h44d81a7_19
  - libgomp=15.2.0=h8ee18e1_19
  - libhwloc=2.13.0=default_h049141e_1000
  - libiconv=1.18=hc1393d2_2
  - libint=2.13.1=h121169c_0
  - liblapack=3.11.0=8_hf9ab0e9_mkl
  - liblapacke=3.11.0=8_h3ae206f_mkl
  - liblzma=5.8.3=hfd05255_0
  - libmpdec=4.0.0=hfd05255_1
  - libpcm=1.2.3=hf943dcc_17
  - libsqlite=3.53.2=hf5d6505_1
  - libssh2=1.11.1=h9aa295b_0
  - libstdcxx=15.2.0=hae5796f_19
  - libuv=1.52.1=h6a83c73_0
  - libwinpthread=12.0.0.r4.gg4f2fc60ca=h57928b3_10
  - libxc-c=7.0.0=cpu_h8b675c9_6
  - libxml2=2.15.3=hbc0d294_0
  - libxml2-16=2.15.3=h692994f_0
  - libzlib=1.3.2=hfd05255_2
  - llvm-openmp=22.1.8=h4fa8253_0
  - mctc-lib=0.5.2=gfortran_hee28707_0
  - mkl=2026.0.0=hac47afa_908
  - mkl-devel=2026.0.0=h57928b3_908
  - mkl-include=2026.0.0=h57928b3_908
  - msgpack-python=1.2.1=py313hf069bd2_0
  - multicharge=0.5.0=gfortran_hca11032_1
  - networkx=3.6.1=pyhcf101f3_0
  - ninja=1.13.2=h477610d_0
  - numpy=2.5.0=py313ha8dc839_0
  - onemkl-license=2026.0.0=h57928b3_908
  - openssl=3.6.3=hf411b9b_0
  - optking=0.5.0=pyhd8ed1ab_0
  - packaging=26.2=pyhc364b38_0
  - pandas=3.0.3=py313h26f5e95_0
  - pcmsolver=1.2.3=py_17
  - pint=0.25.3=pyhc364b38_0
  - pip=26.1.2=pyh145f28c_0
  - platformdirs=4.10.0=pyhcf101f3_0
  - pluggy=1.6.0=pyhf9edf01_1
  - psutil=7.2.2=py313h5fd188c_0
  - pugixml=1.15=h372dad0_0
  - py-cpuinfo=9.0.0=pyhd8ed1ab_1
  - pybind11=3.0.3=pyhfe8187e_0
  - pybind11-abi=11=hc364b38_1
  - pybind11-global=3.0.3=pyhc8003f9_0
  - pycparser=3.0=pyhcf101f3_0
  - pydantic=2.13.4=pyhcf101f3_0
  - pydantic-core=2.46.4=py313hfbe8231_0
  - pydantic-settings=2.14.2=pyhcf101f3_0
  - pygdma=2.3.3=py313h3a4515f_8
  - pygments=2.20.0=pyhd8ed1ab_0
  - pylibefp=0.6.2=py313h6836a3e_7
  - pymdi=1.4.40=py313_h313177f_nompi_0
  - pytest=9.1.1=pyhc364b38_2
  - pytest-xdist=3.8.0=pyhd8ed1ab_0
  - python=3.13.14=h09917c8_100_cp313
  - python-dateutil=2.9.0.post0=pyhe01879c_2
  - python-dotenv=1.2.2=pyhcf101f3_0
  - python-gil=3.13.14=h4df99d1_100
  - python-tzdata=2026.2=pyhd8ed1ab_0
  - python_abi=3.13=8_cp313
  - pyyaml=6.0.3=py313hd650c13_1
  - qcelemental=0.50.4=pyhd8ed1ab_0
  - qcengine=0.50.0=pyhd8ed1ab_0
  - qcmanybody=0.7.1=pyhd8ed1ab_0
  - referencing=0.37.0=pyhcf101f3_0
  - regex=2026.5.9=py313h5ea7bf4_0
  - rpds-py=2026.5.1=py313ha9ea572_0
  - scipy=1.18.0=py313he51e9a2_0
  - setuptools=82.0.1=pyh332efcf_0
  - simple-dftd3=1.4.0=gfortran_hee28707_0
  - six=1.17.0=pyhe01879c_1
  - tbb=2023.0.0=hd3d4ead_2
  - tk=8.6.13=h6ed50ae_3
  - toml=0.10.2=pyhcf101f3_3
  - toml-f=0.5.1=gfortran_hee28707_0
  - tomli=2.4.1=pyhcf101f3_0
  - typing-extensions=4.15.0=h396c80c_0
  - typing-inspection=0.4.2=pyhcf101f3_2
  - typing_extensions=4.15.0=pyhcf101f3_0
  - tzdata=2025c=hc9c84f9_1
  - ucrt=10.0.26100.0=h57928b3_0
  - unidecode=1.4.0=pyhcf101f3_1
  - vc=14.5=h1b7c187_39
  - vc14_runtime=14.51.36231=h1b9f54f_39
  - vcomp14=14.51.36231=h1b9f54f_39
  - vs2022_win-64=19.44.35207=ha74f236_39
  - vswhere=3.1.7=h40126e0_1
  - yaml=0.2.5=h6a83c73_3
  - zlib=1.3.2=hfd05255_2
  - zstd=1.5.7=h534d264_6
